<Project ToolsVersion="4.0" xmlns="http://schemas.microsoft.com/developer/msbuild/2003">
  <ItemGroup>
    <Filter Include="DirectX Header Files">
      <UniqueIdentifier>{43DF80AC-DC43-474E-9E92-938090F7605A}</UniqueIdentifier>
    </Filter>
    <Filter Include="Header Files">
      <UniqueIdentifier>{6C58C2EB-E298-4E7B-B7C4-FF44FF2F4157}</UniqueIdentifier>
    </Filter>
    <Filter Include="Public Header Files">
      <UniqueIdentifier>{2131D498-2A38-40F4-863F-49BC096BAB7B}</UniqueIdentifier>
    </Filter>
    <Filter Include="Source Files">
      <UniqueIdentifier>{E565E4A3-DD3C-40A4-A384-DA0BBD783A29}</UniqueIdentifier>
    </Filter>
  </ItemGroup>
  <ItemGroup>
    <ClCompile Include="../../public/tier0/memoverride.cpp">
      <Filter>Source Files</Filter>
    </ClCompile>
    <ClCompile Include="ColorFormatDX8.cpp">
      <Filter>Source Files</Filter>
    </ClCompile>
    <ClCompile Include="../../public/filesystem_helpers.cpp">
      <Filter>Source Files</Filter>
    </ClCompile>
    <ClCompile Include="HardwareConfig.cpp">
      <Filter>Source Files</Filter>
    </ClCompile>
    <ClCompile Include="meshbase.cpp">
      <Filter>Source Files</Filter>
    </ClCompile>
    <ClCompile Include="MeshDX8.cpp">
      <Filter>Source Files</Filter>
    </ClCompile>
    <ClCompile Include="ShaderAPIDX8.cpp">
      <Filter>Source Files</Filter>
    </ClCompile>
    <ClCompile Include="ShaderDeviceBase.cpp">
      <Filter>Source Files</Filter>
    </ClCompile>
    <ClCompile Include="ShaderAPIBase.cpp">
      <Filter>Source Files</Filter>
    </ClCompile>
    <ClCompile Include="ShaderDeviceDX8.cpp">
      <Filter>Source Files</Filter>
    </ClCompile>
    <ClCompile Include="ShaderShadowDX8.cpp">
      <Filter>Source Files</Filter>
    </ClCompile>
    <ClCompile Include="TextureDX8.cpp">
      <Filter>Source Files</Filter>
    </ClCompile>
    <ClCompile Include="TransitionTable.cpp">
      <Filter>Source Files</Filter>
    </ClCompile>
    <ClCompile Include="cvballoctracker.cpp">
      <Filter>Source Files</Filter>
    </ClCompile>
    <ClCompile Include="vertexdecl.cpp">
      <Filter>Source Files</Filter>
    </ClCompile>
    <ClCompile Include="VertexShaderDX8.cpp">
      <Filter>Source Files</Filter>
    </ClCompile>
  </ItemGroup>
  <ItemGroup>
    <ClCompile Include="../../public/tier0/memoverride.cpp">
      <Filter>Source Files</Filter>
    </ClCompile>
    <ClCompile Include="ColorFormatDX8.cpp">
      <Filter>Source Files</Filter>
    </ClCompile>
    <ClCompile Include="../../public/filesystem_helpers.cpp">
      <Filter>Source Files</Filter>
    </ClCompile>
    <ClCompile Include="HardwareConfig.cpp">
      <Filter>Source Files</Filter>
    </ClCompile>
    <ClCompile Include="meshbase.cpp">
      <Filter>Source Files</Filter>
    </ClCompile>
    <ClCompile Include="MeshDX8.cpp">
      <Filter>Source Files</Filter>
    </ClCompile>
    <ClCompile Include="ShaderAPIDX8.cpp">
      <Filter>Source Files</Filter>
    </ClCompile>
    <ClCompile Include="ShaderDeviceBase.cpp">
      <Filter>Source Files</Filter>
    </ClCompile>
    <ClCompile Include="ShaderAPIBase.cpp">
      <Filter>Source Files</Filter>
    </ClCompile>
    <ClCompile Include="ShaderDeviceDX8.cpp">
      <Filter>Source Files</Filter>
    </ClCompile>
    <ClCompile Include="ShaderShadowDX8.cpp">
      <Filter>Source Files</Filter>
    </ClCompile>
    <ClCompile Include="TextureDX8.cpp">
      <Filter>Source Files</Filter>
    </ClCompile>
    <ClCompile Include="TransitionTable.cpp">
      <Filter>Source Files</Filter>
    </ClCompile>
    <ClCompile Include="cvballoctracker.cpp">
      <Filter>Source Files</Filter>
    </ClCompile>
    <ClCompile Include="vertexdecl.cpp">
      <Filter>Source Files</Filter>
    </ClCompile>
    <ClCompile Include="VertexShaderDX8.cpp">
      <Filter>Source Files</Filter>
    </ClCompile>
  </ItemGroup>
  <ItemGroup>
    <ClCompile Include="../../public/tier0/memoverride.cpp">
      <Filter>Source Files</Filter>
    </ClCompile>
    <ClCompile Include="ColorFormatDX8.cpp">
      <Filter>Source Files</Filter>
    </ClCompile>
    <ClCompile Include="d3d_async.cpp">
      <Filter>Source Files</Filter>
    </ClCompile>
    <ClCompile Include="../../public/filesystem_helpers.cpp">
      <Filter>Source Files</Filter>
    </ClCompile>
    <ClCompile Include="HardwareConfig.cpp">
      <Filter>Source Files</Filter>
    </ClCompile>
    <ClCompile Include="meshbase.cpp">
      <Filter>Source Files</Filter>
    </ClCompile>
    <ClCompile Include="MeshDX8.cpp">
      <Filter>Source Files</Filter>
    </ClCompile>
    <ClCompile Include="Recording.cpp">
      <Filter>Source Files</Filter>
    </ClCompile>
    <ClCompile Include="ShaderAPIDX8.cpp">
      <Filter>Source Files</Filter>
    </ClCompile>
    <ClCompile Include="ShaderDeviceBase.cpp">
      <Filter>Source Files</Filter>
    </ClCompile>
    <ClCompile Include="ShaderAPIBase.cpp">
      <Filter>Source Files</Filter>
    </ClCompile>
    <ClCompile Include="ShaderDeviceDX8.cpp">
      <Filter>Source Files</Filter>
    </ClCompile>
    <ClCompile Include="ShaderShadowDX8.cpp">
      <Filter>Source Files</Filter>
    </ClCompile>
    <ClCompile Include="TextureDX8.cpp">
      <Filter>Source Files</Filter>
    </ClCompile>
    <ClCompile Include="TransitionTable.cpp">
      <Filter>Source Files</Filter>
    </ClCompile>
    <ClCompile Include="cvballoctracker.cpp">
      <Filter>Source Files</Filter>
    </ClCompile>
    <ClCompile Include="vertexdecl.cpp">
      <Filter>Source Files</Filter>
    </ClCompile>
    <ClCompile Include="VertexShaderDX8.cpp">
      <Filter>Source Files</Filter>
    </ClCompile>
    <ClCompile Include="wmi.cpp">
      <Filter>Source Files</Filter>
    </ClCompile>
  </ItemGroup>
  <ItemGroup>
    <ClCompile Include="../../public/tier0/memoverride.cpp">
      <Filter>Source Files</Filter>
    </ClCompile>
    <ClCompile Include="ColorFormatDX8.cpp">
      <Filter>Source Files</Filter>
    </ClCompile>
    <ClCompile Include="../../public/filesystem_helpers.cpp">
      <Filter>Source Files</Filter>
    </ClCompile>
    <ClCompile Include="HardwareConfig.cpp">
      <Filter>Source Files</Filter>
    </ClCompile>
    <ClCompile Include="meshbase.cpp">
      <Filter>Source Files</Filter>
    </ClCompile>
    <ClCompile Include="MeshDX8.cpp">
      <Filter>Source Files</Filter>
    </ClCompile>
    <ClCompile Include="ShaderAPIDX8.cpp">
      <Filter>Source Files</Filter>
    </ClCompile>
    <ClCompile Include="ShaderDeviceBase.cpp">
      <Filter>Source Files</Filter>
    </ClCompile>
    <ClCompile Include="ShaderAPIBase.cpp">
      <Filter>Source Files</Filter>
    </ClCompile>
    <ClCompile Include="ShaderDeviceDX8.cpp">
      <Filter>Source Files</Filter>
    </ClCompile>
    <ClCompile Include="ShaderShadowDX8.cpp">
      <Filter>Source Files</Filter>
    </ClCompile>
    <ClCompile Include="TextureDX8.cpp">
      <Filter>Source Files</Filter>
    </ClCompile>
    <ClCompile Include="TransitionTable.cpp">
      <Filter>Source Files</Filter>
    </ClCompile>
    <ClCompile Include="cvballoctracker.cpp">
      <Filter>Source Files</Filter>
    </ClCompile>
    <ClCompile Include="vertexdecl.cpp">
      <Filter>Source Files</Filter>
    </ClCompile>
    <ClCompile Include="VertexShaderDX8.cpp">
      <Filter>Source Files</Filter>
    </ClCompile>
  </ItemGroup>
  <ItemGroup>
    <ClInclude Include="../../public/shaderapi/IShaderDevice.h">
      <Filter>Public Header Files</Filter>
    </ClInclude>
    <ClInclude Include="../../public/shaderapi/ishaderutil.h">
      <Filter>Public Header Files</Filter>
    </ClInclude>
    <ClInclude Include="../../public/shaderapi/ishaderapi.h">
      <Filter>Public Header Files</Filter>
    </ClInclude>
    <ClInclude Include="../../public/shaderapi/ishaderdynamic.h">
      <Filter>Public Header Files</Filter>
    </ClInclude>
    <ClInclude Include="../../public/shaderapi/ishadershadow.h">
      <Filter>Public Header Files</Filter>
    </ClInclude>
    <ClInclude Include="../../public/materialsystem/idebugtextureinfo.h">
      <Filter>Public Header Files</Filter>
    </ClInclude>
    <ClInclude Include="../../public/materialsystem/ivballoctracker.h">
      <Filter>Public Header Files</Filter>
    </ClInclude>
    <ClInclude Include="../../public/materialsystem/shader_vcs_version.h">
      <Filter>Public Header Files</Filter>
    </ClInclude>
    <ClInclude Include="TransitionTable.h">
      <Filter>Header Files</Filter>
    </ClInclude>
    <ClInclude Include="vertexdecl.h">
      <Filter>Header Files</Filter>
    </ClInclude>
    <ClInclude Include="ColorFormatDX8.h">
      <Filter>Header Files</Filter>
    </ClInclude>
    <ClInclude Include="dynamicib.h">
      <Filter>Header Files</Filter>
    </ClInclude>
    <ClInclude Include="dynamicvb.h">
      <Filter>Header Files</Filter>
    </ClInclude>
    <ClInclude Include="HardwareConfig.h">
      <Filter>Header Files</Filter>
    </ClInclude>
    <ClInclude Include="MeshBase.h">
      <Filter>Header Files</Filter>
    </ClInclude>
    <ClInclude Include="IMeshDx8.h">
      <Filter>Header Files</Filter>
    </ClInclude>
    <ClInclude Include="locald3dtypes.h">
      <Filter>Header Files</Filter>
    </ClInclude>
    <ClInclude Include="Recording.h">
      <Filter>Header Files</Filter>
    </ClInclude>
    <ClInclude Include="ShaderAPIDX8.h">
      <Filter>Header Files</Filter>
    </ClInclude>
    <ClInclude Include="ShaderDeviceBase.h">
      <Filter>Header Files</Filter>
    </ClInclude>
    <ClInclude Include="ShaderAPIBase.h">
      <Filter>Header Files</Filter>
    </ClInclude>
    <ClInclude Include="ShaderDeviceDX8.h">
      <Filter>Header Files</Filter>
    </ClInclude>
    <ClInclude Include="ShaderAPIDX8_Global.h">
      <Filter>Header Files</Filter>
    </ClInclude>
    <ClInclude Include="ShaderShadowDX8.h">
      <Filter>Header Files</Filter>
    </ClInclude>
    <ClInclude Include="stubd3ddevice.h">
      <Filter>Header Files</Filter>
    </ClInclude>
    <ClInclude Include="TextureDX8.h">
      <Filter>Header Files</Filter>
    </ClInclude>
    <ClInclude Include="VertexShaderDX8.h">
      <Filter>Header Files</Filter>
    </ClInclude>
  </ItemGroup>
  <ItemGroup />
</Project>