<Project ToolsVersion="4.0" xmlns="http://schemas.microsoft.com/developer/msbuild/2003">
  <ItemGroup>
    <Filter Include="Resource Files">
      <UniqueIdentifier>{9C4C8139-8036-4365-93E2-709839F39C43}</UniqueIdentifier>
    </Filter>
    <Filter Include="Header Files">
      <UniqueIdentifier>{B44C32A5-588B-4FEE-BB4C-DC111F09BC66}</UniqueIdentifier>
    </Filter>
    <Filter Include="Source Files">
      <UniqueIdentifier>{37B4540A-CF2B-46AA-93E5-D8D92381E653}</UniqueIdentifier>
    </Filter>
  </ItemGroup>
  <ItemGroup>
    <ClCompile Include="../net_view_thread.cpp">
      <Filter>Source Files</Filter>
    </ClCompile>
    <ClCompile Include="vmpi_browser_job_search.cpp">
      <Filter>Source Files</Filter>
    </ClCompile>
    <ClCompile Include="../window_anchor_mgr.cpp">
      <Filter>Source Files</Filter>
    </ClCompile>
    <ClCompile Include="JobSearchDlg.cpp">
      <Filter>Source Files</Filter>
    </ClCompile>
    <ClCompile Include="../vmpi_browser_helpers.cpp">
      <Filter>Source Files</Filter>
    </ClCompile>
    <ClCompile Include="StdAfx.cpp">
      <Filter>Source Files</Filter>
    </ClCompile>
  </ItemGroup>
  <ItemGroup>
    <ClCompile Include="../net_view_thread.cpp">
      <Filter>Source Files</Filter>
    </ClCompile>
    <ClCompile Include="vmpi_browser_job_search.cpp">
      <Filter>Source Files</Filter>
    </ClCompile>
    <ClCompile Include="../window_anchor_mgr.cpp">
      <Filter>Source Files</Filter>
    </ClCompile>
    <ClCompile Include="JobSearchDlg.cpp">
      <Filter>Source Files</Filter>
    </ClCompile>
    <ClCompile Include="../vmpi_browser_helpers.cpp">
      <Filter>Source Files</Filter>
    </ClCompile>
    <ClCompile Include="StdAfx.cpp">
      <Filter>Source Files</Filter>
    </ClCompile>
  </ItemGroup>
  <ItemGroup>
    <ClCompile Include="../net_view_thread.cpp">
      <Filter>Source Files</Filter>
    </ClCompile>
    <ClCompile Include="vmpi_browser_job_search.cpp">
      <Filter>Source Files</Filter>
    </ClCompile>
    <ClCompile Include="../window_anchor_mgr.cpp">
      <Filter>Source Files</Filter>
    </ClCompile>
    <ClCompile Include="JobSearchDlg.cpp">
      <Filter>Source Files</Filter>
    </ClCompile>
    <ClCompile Include="../vmpi_browser_helpers.cpp">
      <Filter>Source Files</Filter>
    </ClCompile>
    <ClCompile Include="StdAfx.cpp">
      <Filter>Source Files</Filter>
    </ClCompile>
  </ItemGroup>
  <ItemGroup>
    <ClCompile Include="../net_view_thread.cpp">
      <Filter>Source Files</Filter>
    </ClCompile>
    <ClCompile Include="vmpi_browser_job_search.cpp">
      <Filter>Source Files</Filter>
    </ClCompile>
    <ClCompile Include="../window_anchor_mgr.cpp">
      <Filter>Source Files</Filter>
    </ClCompile>
    <ClCompile Include="JobSearchDlg.cpp">
      <Filter>Source Files</Filter>
    </ClCompile>
    <ClCompile Include="../vmpi_browser_helpers.cpp">
      <Filter>Source Files</Filter>
    </ClCompile>
    <ClCompile Include="StdAfx.cpp">
      <Filter>Source Files</Filter>
    </ClCompile>
  </ItemGroup>
  <ItemGroup>
    <ClInclude Include="JobSearchDlg.h">
      <Filter>Header Files</Filter>
    </ClInclude>
    <ClInclude Include="../mysql_wrapper.h">
      <Filter>Header Files</Filter>
    </ClInclude>
    <ClInclude Include="../net_view_thread.h">
      <Filter>Header Files</Filter>
    </ClInclude>
    <ClInclude Include="Resource.h">
      <Filter>Header Files</Filter>
    </ClInclude>
    <ClInclude Include="StdAfx.h">
      <Filter>Header Files</Filter>
    </ClInclude>
    <ClInclude Include="../vmpi_browser_helpers.h">
      <Filter>Header Files</Filter>
    </ClInclude>
    <ClInclude Include="vmpi_browser_job_search.h">
      <Filter>Header Files</Filter>
    </ClInclude>
    <ClInclude Include="../window_anchor_mgr.h">
      <Filter>Header Files</Filter>
    </ClInclude>
  </ItemGroup>
  <ItemGroup>
    <ResourceCompile Include="vmpi_browser_job_search.rc">
      <Filter>Source Files</Filter>
    </ResourceCompile>
  </ItemGroup>
  <ItemGroup>
    <None Include="res/vmpi_browser_job_search.ico">
      <Filter>Resource Files</Filter>
    </None>
    <None Include="res/vmpi_browser_job_search.rc2">
      <Filter>Resource Files</Filter>
    </None>
  </ItemGroup>
</Project>
