<Project ToolsVersion="4.0" xmlns="http://schemas.microsoft.com/developer/msbuild/2003">
  <ItemGroup>
    <Filter Include="Source Files">
      <UniqueIdentifier>{FCE7773A-3D94-4E6C-8146-C73358A374AB}</UniqueIdentifier>
    </Filter>
    <Filter Include="Public Headers">
      <UniqueIdentifier>{6FE72F34-726D-45BB-AA52-D26910F7ED61}</UniqueIdentifier>
    </Filter>
  </ItemGroup>
  <ItemGroup>
    <ClCompile Include="../public/tier0/memoverride.cpp">
      <Filter>Source Files</Filter>
    </ClCompile>
    <ClCompile Include="inputsystem.cpp">
      <Filter>Source Files</Filter>
    </ClCompile>
    <ClCompile Include="joystick.cpp">
      <Filter>Source Files</Filter>
    </ClCompile>
    <ClCompile Include="key_translation.cpp">
      <Filter>Source Files</Filter>
    </ClCompile>
    <ClCompile Include="xcontroller.cpp">
      <Filter>Source Files</Filter>
    </ClCompile>
  </ItemGroup>
  <ItemGroup>
    <ClCompile Include="../public/tier0/memoverride.cpp">
      <Filter>Source Files</Filter>
    </ClCompile>
    <ClCompile Include="inputsystem.cpp">
      <Filter>Source Files</Filter>
    </ClCompile>
    <ClCompile Include="joystick.cpp">
      <Filter>Source Files</Filter>
    </ClCompile>
    <ClCompile Include="key_translation.cpp">
      <Filter>Source Files</Filter>
    </ClCompile>
    <ClCompile Include="xcontroller.cpp">
      <Filter>Source Files</Filter>
    </ClCompile>
  </ItemGroup>
  <ItemGroup>
    <ClCompile Include="../public/tier0/memoverride.cpp">
      <Filter>Source Files</Filter>
    </ClCompile>
    <ClCompile Include="inputsystem.cpp">
      <Filter>Source Files</Filter>
    </ClCompile>
    <ClCompile Include="joystick.cpp">
      <Filter>Source Files</Filter>
    </ClCompile>
    <ClCompile Include="key_translation.cpp">
      <Filter>Source Files</Filter>
    </ClCompile>
    <ClCompile Include="xcontroller.cpp">
      <Filter>Source Files</Filter>
    </ClCompile>
  </ItemGroup>
  <ItemGroup>
    <ClCompile Include="../public/tier0/memoverride.cpp">
      <Filter>Source Files</Filter>
    </ClCompile>
    <ClCompile Include="inputsystem.cpp">
      <Filter>Source Files</Filter>
    </ClCompile>
    <ClCompile Include="joystick.cpp">
      <Filter>Source Files</Filter>
    </ClCompile>
    <ClCompile Include="key_translation.cpp">
      <Filter>Source Files</Filter>
    </ClCompile>
    <ClCompile Include="xcontroller.cpp">
      <Filter>Source Files</Filter>
    </ClCompile>
  </ItemGroup>
  <ItemGroup>
    <ClInclude Include="inputsystem.h">
      <Filter>Source Files</Filter>
    </ClInclude>
    <ClInclude Include="key_translation.h">
      <Filter>Source Files</Filter>
    </ClInclude>
    <ClInclude Include="../public/inputsystem/AnalogCode.h">
      <Filter>Public Headers</Filter>
    </ClInclude>
    <ClInclude Include="../public/inputsystem/ButtonCode.h">
      <Filter>Public Headers</Filter>
    </ClInclude>
    <ClInclude Include="../public/inputsystem/iinputsystem.h">
      <Filter>Public Headers</Filter>
    </ClInclude>
    <ClInclude Include="../public/inputsystem/InputEnums.h">
      <Filter>Public Headers</Filter>
    </ClInclude>
    <ClInclude Include="../dx9sdk/Include/XInput.h">
      <Filter>Public Headers</Filter>
    </ClInclude>
  </ItemGroup>
  <ItemGroup/>
  <ItemGroup/>
</Project>
