<Project ToolsVersion="4.0" xmlns="http://schemas.microsoft.com/developer/msbuild/2003">
  <ItemGroup>
    <Filter Include="Header Files">
      <UniqueIdentifier>{1993DD65-2739-4356-9D60-1776046E930E}</UniqueIdentifier>
    </Filter>
    <Filter Include="Source Files\Utils">
      <UniqueIdentifier>{2CAC0A3A-088C-4F35-A997-4A8021A8D544}</UniqueIdentifier>
    </Filter>
    <Filter Include="Source Files\Generic Dialogs">
      <UniqueIdentifier>{942FB2F4-BF6D-4A04-B7D6-CF17B5AD61B0}</UniqueIdentifier>
    </Filter>
    <Filter Include="Source Files">
      <UniqueIdentifier>{40C887A5-B601-4471-AAB1-401E774A9CB0}</UniqueIdentifier>
    </Filter>
    <Filter Include="Source Files\Pages">
      <UniqueIdentifier>{85732526-1370-4AFD-AD08-218D07562683}</UniqueIdentifier>
    </Filter>
  </ItemGroup>
  <ItemGroup>
    <ClCompile Include="../../public/tier0/memoverride.cpp">
      <Filter>Source Files</Filter>
    </ClCompile>
    <ClCompile Include="AdminServer.cpp">
      <Filter>Source Files</Filter>
    </ClCompile>
    <ClCompile Include="BanContextMenu.cpp">
      <Filter>Source Files</Filter>
    </ClCompile>
    <ClCompile Include="ConfigPanel.cpp">
      <Filter>Source Files</Filter>
    </ClCompile>
    <ClCompile Include="GamePanelInfo.cpp">
      <Filter>Source Files</Filter>
    </ClCompile>
    <ClCompile Include="MapCycleEditDialog.cpp">
      <Filter>Source Files</Filter>
    </ClCompile>
    <ClCompile Include="../common/msgbuffer.cpp">
      <Filter>Source Files</Filter>
    </ClCompile>
    <ClCompile Include="PlayerContextMenu.cpp">
      <Filter>Source Files</Filter>
    </ClCompile>
    <ClCompile Include="PlayerListCompare.cpp">
      <Filter>Source Files</Filter>
    </ClCompile>
    <ClCompile Include="RemoteServer.cpp">
      <Filter>Source Files</Filter>
    </ClCompile>
    <ClCompile Include="VarEditDialog.cpp">
      <Filter>Source Files</Filter>
    </ClCompile>
    <ClCompile Include="VarListPropertyPage.cpp">
      <Filter>Source Files</Filter>
    </ClCompile>
    <ClCompile Include="../../common/vgui/vgui_basebudgetpanel.cpp">
      <Filter>Source Files</Filter>
    </ClCompile>
    <ClCompile Include="../../common/vgui/vgui_budgetbargraphpanel.cpp">
      <Filter>Source Files</Filter>
    </ClCompile>
    <ClCompile Include="../../common/vgui/vgui_budgethistorypanel.cpp">
      <Filter>Source Files</Filter>
    </ClCompile>
    <ClCompile Include="../../common/vgui/vgui_budgetpanelshared.cpp">
      <Filter>Source Files</Filter>
    </ClCompile>
    <ClCompile Include="../../public/vgui_controls/vgui_controls.cpp">
      <Filter>Source Files</Filter>
    </ClCompile>
    <ClCompile Include="TokenLine.cpp">
      <Filter>Source Files\Utils</Filter>
    </ClCompile>
    <ClCompile Include="DialogAddBan.cpp">
      <Filter>Source Files\Generic Dialogs</Filter>
    </ClCompile>
    <ClCompile Include="DialogCvarChange.cpp">
      <Filter>Source Files\Generic Dialogs</Filter>
    </ClCompile>
    <ClCompile Include="BanPanel.cpp">
      <Filter>Source Files\Pages</Filter>
    </ClCompile>
    <ClCompile Include="BudgetPanelContainer.cpp">
      <Filter>Source Files\Pages</Filter>
    </ClCompile>
    <ClCompile Include="ChatPanel.cpp">
      <Filter>Source Files\Pages</Filter>
    </ClCompile>
    <ClCompile Include="GraphPanel.cpp">
      <Filter>Source Files\Pages</Filter>
    </ClCompile>
    <ClCompile Include="PlayerPanel.cpp">
      <Filter>Source Files\Pages</Filter>
    </ClCompile>
    <ClCompile Include="RawLogPanel.cpp">
      <Filter>Source Files\Pages</Filter>
    </ClCompile>
    <ClCompile Include="ServerConfigPanel.cpp">
      <Filter>Source Files\Pages</Filter>
    </ClCompile>
    <ClCompile Include="serverinfopanel.cpp">
      <Filter>Source Files\Pages</Filter>
    </ClCompile>
  </ItemGroup>
  <ItemGroup>
    <ClCompile Include="../../public/tier0/memoverride.cpp">
      <Filter>Source Files</Filter>
    </ClCompile>
    <ClCompile Include="AdminServer.cpp">
      <Filter>Source Files</Filter>
    </ClCompile>
    <ClCompile Include="BanContextMenu.cpp">
      <Filter>Source Files</Filter>
    </ClCompile>
    <ClCompile Include="ConfigPanel.cpp">
      <Filter>Source Files</Filter>
    </ClCompile>
    <ClCompile Include="GamePanelInfo.cpp">
      <Filter>Source Files</Filter>
    </ClCompile>
    <ClCompile Include="MapCycleEditDialog.cpp">
      <Filter>Source Files</Filter>
    </ClCompile>
    <ClCompile Include="../common/msgbuffer.cpp">
      <Filter>Source Files</Filter>
    </ClCompile>
    <ClCompile Include="PlayerContextMenu.cpp">
      <Filter>Source Files</Filter>
    </ClCompile>
    <ClCompile Include="PlayerListCompare.cpp">
      <Filter>Source Files</Filter>
    </ClCompile>
    <ClCompile Include="RemoteServer.cpp">
      <Filter>Source Files</Filter>
    </ClCompile>
    <ClCompile Include="VarEditDialog.cpp">
      <Filter>Source Files</Filter>
    </ClCompile>
    <ClCompile Include="VarListPropertyPage.cpp">
      <Filter>Source Files</Filter>
    </ClCompile>
    <ClCompile Include="../../common/vgui/vgui_basebudgetpanel.cpp">
      <Filter>Source Files</Filter>
    </ClCompile>
    <ClCompile Include="../../common/vgui/vgui_budgetbargraphpanel.cpp">
      <Filter>Source Files</Filter>
    </ClCompile>
    <ClCompile Include="../../common/vgui/vgui_budgethistorypanel.cpp">
      <Filter>Source Files</Filter>
    </ClCompile>
    <ClCompile Include="../../common/vgui/vgui_budgetpanelshared.cpp">
      <Filter>Source Files</Filter>
    </ClCompile>
    <ClCompile Include="../../public/vgui_controls/vgui_controls.cpp">
      <Filter>Source Files</Filter>
    </ClCompile>
    <ClCompile Include="TokenLine.cpp">
      <Filter>Source Files\Utils</Filter>
    </ClCompile>
    <ClCompile Include="DialogAddBan.cpp">
      <Filter>Source Files\Generic Dialogs</Filter>
    </ClCompile>
    <ClCompile Include="DialogCvarChange.cpp">
      <Filter>Source Files\Generic Dialogs</Filter>
    </ClCompile>
    <ClCompile Include="BanPanel.cpp">
      <Filter>Source Files\Pages</Filter>
    </ClCompile>
    <ClCompile Include="BudgetPanelContainer.cpp">
      <Filter>Source Files\Pages</Filter>
    </ClCompile>
    <ClCompile Include="ChatPanel.cpp">
      <Filter>Source Files\Pages</Filter>
    </ClCompile>
    <ClCompile Include="GraphPanel.cpp">
      <Filter>Source Files\Pages</Filter>
    </ClCompile>
    <ClCompile Include="PlayerPanel.cpp">
      <Filter>Source Files\Pages</Filter>
    </ClCompile>
    <ClCompile Include="RawLogPanel.cpp">
      <Filter>Source Files\Pages</Filter>
    </ClCompile>
    <ClCompile Include="ServerConfigPanel.cpp">
      <Filter>Source Files\Pages</Filter>
    </ClCompile>
    <ClCompile Include="serverinfopanel.cpp">
      <Filter>Source Files\Pages</Filter>
    </ClCompile>
  </ItemGroup>
  <ItemGroup>
    <ClCompile Include="../../public/tier0/memoverride.cpp">
      <Filter>Source Files</Filter>
    </ClCompile>
    <ClCompile Include="AdminServer.cpp">
      <Filter>Source Files</Filter>
    </ClCompile>
    <ClCompile Include="BanContextMenu.cpp">
      <Filter>Source Files</Filter>
    </ClCompile>
    <ClCompile Include="ConfigPanel.cpp">
      <Filter>Source Files</Filter>
    </ClCompile>
    <ClCompile Include="GamePanelInfo.cpp">
      <Filter>Source Files</Filter>
    </ClCompile>
    <ClCompile Include="MapCycleEditDialog.cpp">
      <Filter>Source Files</Filter>
    </ClCompile>
    <ClCompile Include="../common/msgbuffer.cpp">
      <Filter>Source Files</Filter>
    </ClCompile>
    <ClCompile Include="PlayerContextMenu.cpp">
      <Filter>Source Files</Filter>
    </ClCompile>
    <ClCompile Include="PlayerListCompare.cpp">
      <Filter>Source Files</Filter>
    </ClCompile>
    <ClCompile Include="RemoteServer.cpp">
      <Filter>Source Files</Filter>
    </ClCompile>
    <ClCompile Include="VarEditDialog.cpp">
      <Filter>Source Files</Filter>
    </ClCompile>
    <ClCompile Include="VarListPropertyPage.cpp">
      <Filter>Source Files</Filter>
    </ClCompile>
    <ClCompile Include="../../common/vgui/vgui_basebudgetpanel.cpp">
      <Filter>Source Files</Filter>
    </ClCompile>
    <ClCompile Include="../../common/vgui/vgui_budgetbargraphpanel.cpp">
      <Filter>Source Files</Filter>
    </ClCompile>
    <ClCompile Include="../../common/vgui/vgui_budgethistorypanel.cpp">
      <Filter>Source Files</Filter>
    </ClCompile>
    <ClCompile Include="../../common/vgui/vgui_budgetpanelshared.cpp">
      <Filter>Source Files</Filter>
    </ClCompile>
    <ClCompile Include="../../public/vgui_controls/vgui_controls.cpp">
      <Filter>Source Files</Filter>
    </ClCompile>
    <ClCompile Include="TokenLine.cpp">
      <Filter>Source Files\Utils</Filter>
    </ClCompile>
    <ClCompile Include="DialogAddBan.cpp">
      <Filter>Source Files\Generic Dialogs</Filter>
    </ClCompile>
    <ClCompile Include="DialogCvarChange.cpp">
      <Filter>Source Files\Generic Dialogs</Filter>
    </ClCompile>
    <ClCompile Include="BanPanel.cpp">
      <Filter>Source Files\Pages</Filter>
    </ClCompile>
    <ClCompile Include="BudgetPanelContainer.cpp">
      <Filter>Source Files\Pages</Filter>
    </ClCompile>
    <ClCompile Include="ChatPanel.cpp">
      <Filter>Source Files\Pages</Filter>
    </ClCompile>
    <ClCompile Include="GraphPanel.cpp">
      <Filter>Source Files\Pages</Filter>
    </ClCompile>
    <ClCompile Include="PlayerPanel.cpp">
      <Filter>Source Files\Pages</Filter>
    </ClCompile>
    <ClCompile Include="RawLogPanel.cpp">
      <Filter>Source Files\Pages</Filter>
    </ClCompile>
    <ClCompile Include="ServerConfigPanel.cpp">
      <Filter>Source Files\Pages</Filter>
    </ClCompile>
    <ClCompile Include="serverinfopanel.cpp">
      <Filter>Source Files\Pages</Filter>
    </ClCompile>
  </ItemGroup>
  <ItemGroup>
    <ClCompile Include="../../public/tier0/memoverride.cpp">
      <Filter>Source Files</Filter>
    </ClCompile>
    <ClCompile Include="AdminServer.cpp">
      <Filter>Source Files</Filter>
    </ClCompile>
    <ClCompile Include="BanContextMenu.cpp">
      <Filter>Source Files</Filter>
    </ClCompile>
    <ClCompile Include="ConfigPanel.cpp">
      <Filter>Source Files</Filter>
    </ClCompile>
    <ClCompile Include="GamePanelInfo.cpp">
      <Filter>Source Files</Filter>
    </ClCompile>
    <ClCompile Include="MapCycleEditDialog.cpp">
      <Filter>Source Files</Filter>
    </ClCompile>
    <ClCompile Include="../common/msgbuffer.cpp">
      <Filter>Source Files</Filter>
    </ClCompile>
    <ClCompile Include="PlayerContextMenu.cpp">
      <Filter>Source Files</Filter>
    </ClCompile>
    <ClCompile Include="PlayerListCompare.cpp">
      <Filter>Source Files</Filter>
    </ClCompile>
    <ClCompile Include="RemoteServer.cpp">
      <Filter>Source Files</Filter>
    </ClCompile>
    <ClCompile Include="VarEditDialog.cpp">
      <Filter>Source Files</Filter>
    </ClCompile>
    <ClCompile Include="VarListPropertyPage.cpp">
      <Filter>Source Files</Filter>
    </ClCompile>
    <ClCompile Include="../../common/vgui/vgui_basebudgetpanel.cpp">
      <Filter>Source Files</Filter>
    </ClCompile>
    <ClCompile Include="../../common/vgui/vgui_budgetbargraphpanel.cpp">
      <Filter>Source Files</Filter>
    </ClCompile>
    <ClCompile Include="../../common/vgui/vgui_budgethistorypanel.cpp">
      <Filter>Source Files</Filter>
    </ClCompile>
    <ClCompile Include="../../common/vgui/vgui_budgetpanelshared.cpp">
      <Filter>Source Files</Filter>
    </ClCompile>
    <ClCompile Include="../../public/vgui_controls/vgui_controls.cpp">
      <Filter>Source Files</Filter>
    </ClCompile>
    <ClCompile Include="TokenLine.cpp">
      <Filter>Source Files\Utils</Filter>
    </ClCompile>
    <ClCompile Include="DialogAddBan.cpp">
      <Filter>Source Files\Generic Dialogs</Filter>
    </ClCompile>
    <ClCompile Include="DialogCvarChange.cpp">
      <Filter>Source Files\Generic Dialogs</Filter>
    </ClCompile>
    <ClCompile Include="BanPanel.cpp">
      <Filter>Source Files\Pages</Filter>
    </ClCompile>
    <ClCompile Include="BudgetPanelContainer.cpp">
      <Filter>Source Files\Pages</Filter>
    </ClCompile>
    <ClCompile Include="ChatPanel.cpp">
      <Filter>Source Files\Pages</Filter>
    </ClCompile>
    <ClCompile Include="GraphPanel.cpp">
      <Filter>Source Files\Pages</Filter>
    </ClCompile>
    <ClCompile Include="PlayerPanel.cpp">
      <Filter>Source Files\Pages</Filter>
    </ClCompile>
    <ClCompile Include="RawLogPanel.cpp">
      <Filter>Source Files\Pages</Filter>
    </ClCompile>
    <ClCompile Include="ServerConfigPanel.cpp">
      <Filter>Source Files\Pages</Filter>
    </ClCompile>
    <ClCompile Include="serverinfopanel.cpp">
      <Filter>Source Files\Pages</Filter>
    </ClCompile>
  </ItemGroup>
  <ItemGroup>
    <ClInclude Include="AdminServer.h">
      <Filter>Header Files</Filter>
    </ClInclude>
    <ClInclude Include="BanContextMenu.h">
      <Filter>Header Files</Filter>
    </ClInclude>
    <ClInclude Include="BanPanel.h">
      <Filter>Header Files</Filter>
    </ClInclude>
    <ClInclude Include="BudgetPanelContainer.h">
      <Filter>Header Files</Filter>
    </ClInclude>
    <ClInclude Include="ChatPanel.h">
      <Filter>Header Files</Filter>
    </ClInclude>
    <ClInclude Include="ConfigPanel.h">
      <Filter>Header Files</Filter>
    </ClInclude>
    <ClInclude Include="DialogAddBan.h">
      <Filter>Header Files</Filter>
    </ClInclude>
    <ClInclude Include="DialogCvarChange.h">
      <Filter>Header Files</Filter>
    </ClInclude>
    <ClInclude Include="GamePanelInfo.h">
      <Filter>Header Files</Filter>
    </ClInclude>
    <ClInclude Include="GraphPanel.h">
      <Filter>Header Files</Filter>
    </ClInclude>
    <ClInclude Include="../../common/IGameServerData.h">
      <Filter>Header Files</Filter>
    </ClInclude>
    <ClInclude Include="IManageServer.h">
      <Filter>Header Files</Filter>
    </ClInclude>
    <ClInclude Include="../../public/tier1/interface.h">
      <Filter>Header Files</Filter>
    </ClInclude>
    <ClInclude Include="../common/IServerRefreshResponse.h">
      <Filter>Header Files</Filter>
    </ClInclude>
    <ClInclude Include="../../common/ivprofexport.h">
      <Filter>Header Files</Filter>
    </ClInclude>
    <ClInclude Include="MapCycleEditDialog.h">
      <Filter>Header Files</Filter>
    </ClInclude>
    <ClInclude Include="../common/msgbuffer.h">
      <Filter>Header Files</Filter>
    </ClInclude>
    <ClInclude Include="PlayerContextMenu.h">
      <Filter>Header Files</Filter>
    </ClInclude>
    <ClInclude Include="PlayerListCompare.h">
      <Filter>Header Files</Filter>
    </ClInclude>
    <ClInclude Include="PlayerPanel.h">
      <Filter>Header Files</Filter>
    </ClInclude>
    <ClInclude Include="RawLogPanel.h">
      <Filter>Header Files</Filter>
    </ClInclude>
    <ClInclude Include="RemoteServer.h">
      <Filter>Header Files</Filter>
    </ClInclude>
    <ClInclude Include="ServerConfigPanel.h">
      <Filter>Header Files</Filter>
    </ClInclude>
    <ClInclude Include="serverinfopanel.h">
      <Filter>Header Files</Filter>
    </ClInclude>
    <ClInclude Include="TokenLine.h">
      <Filter>Header Files</Filter>
    </ClInclude>
    <ClInclude Include="../../public/tier1/utlbuffer.h">
      <Filter>Header Files</Filter>
    </ClInclude>
    <ClInclude Include="../../public/tier1/utllinkedlist.h">
      <Filter>Header Files</Filter>
    </ClInclude>
    <ClInclude Include="../../public/tier1/utlsymbol.h">
      <Filter>Header Files</Filter>
    </ClInclude>
    <ClInclude Include="../../public/tier1/utlvector.h">
      <Filter>Header Files</Filter>
    </ClInclude>
    <ClInclude Include="VarEditDialog.h">
      <Filter>Header Files</Filter>
    </ClInclude>
    <ClInclude Include="VarListPropertyPage.h">
      <Filter>Header Files</Filter>
    </ClInclude>
    <ClInclude Include="../../common/vgui/vgui_basebudgetpanel.h">
      <Filter>Header Files</Filter>
    </ClInclude>
    <ClInclude Include="../../common/vgui/vgui_budgetbargraphpanel.h">
      <Filter>Header Files</Filter>
    </ClInclude>
    <ClInclude Include="../../common/vgui/vgui_budgethistorypanel.h">
      <Filter>Header Files</Filter>
    </ClInclude>
    <ClInclude Include="../../common/vgui/vgui_budgetpanelshared.h">
      <Filter>Header Files</Filter>
    </ClInclude>
  </ItemGroup>
  <ItemGroup/>
  <ItemGroup/>
</Project>
