<Project ToolsVersion="4.0" xmlns="http://schemas.microsoft.com/developer/msbuild/2003">
  <ItemGroup>
    <Filter Include="Source Files">
      <UniqueIdentifier>{51166974-CC88-464C-B0DB-66E4DB783BA3}</UniqueIdentifier>
    </Filter>
    <Filter Include="Header Files">
      <UniqueIdentifier>{AEAA203E-7541-47DE-9D91-6BCA2DF31192}</UniqueIdentifier>
    </Filter>
  </ItemGroup>
  <ItemGroup>
    <ClCompile Include="../public/tier0/memoverride.cpp">
      <Filter>Source Files</Filter>
    </ClCompile>
    <ClCompile Include="BaseFileSystem.cpp">
      <Filter>Source Files</Filter>
    </ClCompile>
    <ClCompile Include="filetracker.cpp">
      <Filter>Source Files</Filter>
    </ClCompile>
    <ClCompile Include="filesystem_async.cpp">
      <Filter>Source Files</Filter>
    </ClCompile>
    <ClCompile Include="FileSystem_Stdio.cpp">
      <Filter>Source Files</Filter>
    </ClCompile>
    <ClCompile Include="../public/kevvaluescompiler.cpp">
      <Filter>Source Files</Filter>
    </ClCompile>
    <ClCompile Include="../public/zip_utils.cpp">
      <Filter>Source Files</Filter>
    </ClCompile>
    <ClCompile Include="QueuedLoader.cpp">
      <Filter>Source Files</Filter>
    </ClCompile>
    <ClCompile Include="packfile.cpp">
      <Filter>Source Files</Filter>
    </ClCompile>
  </ItemGroup>
  <ItemGroup>
    <ClCompile Include="../public/tier0/memoverride.cpp">
      <Filter>Source Files</Filter>
    </ClCompile>
    <ClCompile Include="BaseFileSystem.cpp">
      <Filter>Source Files</Filter>
    </ClCompile>
    <ClCompile Include="filetracker.cpp">
      <Filter>Source Files</Filter>
    </ClCompile>
    <ClCompile Include="filesystem_async.cpp">
      <Filter>Source Files</Filter>
    </ClCompile>
    <ClCompile Include="FileSystem_Stdio.cpp">
      <Filter>Source Files</Filter>
    </ClCompile>
    <ClCompile Include="../public/kevvaluescompiler.cpp">
      <Filter>Source Files</Filter>
    </ClCompile>
    <ClCompile Include="../public/zip_utils.cpp">
      <Filter>Source Files</Filter>
    </ClCompile>
    <ClCompile Include="QueuedLoader.cpp">
      <Filter>Source Files</Filter>
    </ClCompile>
    <ClCompile Include="packfile.cpp">
      <Filter>Source Files</Filter>
    </ClCompile>
  </ItemGroup>
  <ItemGroup>
    <ClCompile Include="../public/tier0/memoverride.cpp">
      <Filter>Source Files</Filter>
    </ClCompile>
    <ClCompile Include="BaseFileSystem.cpp">
      <Filter>Source Files</Filter>
    </ClCompile>
    <ClCompile Include="filetracker.cpp">
      <Filter>Source Files</Filter>
    </ClCompile>
    <ClCompile Include="filesystem_async.cpp">
      <Filter>Source Files</Filter>
    </ClCompile>
    <ClCompile Include="FileSystem_Stdio.cpp">
      <Filter>Source Files</Filter>
    </ClCompile>
    <ClCompile Include="../public/kevvaluescompiler.cpp">
      <Filter>Source Files</Filter>
    </ClCompile>
    <ClCompile Include="../public/zip_utils.cpp">
      <Filter>Source Files</Filter>
    </ClCompile>
    <ClCompile Include="QueuedLoader.cpp">
      <Filter>Source Files</Filter>
    </ClCompile>
    <ClCompile Include="packfile.cpp">
      <Filter>Source Files</Filter>
    </ClCompile>
  </ItemGroup>
  <ItemGroup>
    <ClCompile Include="../public/tier0/memoverride.cpp">
      <Filter>Source Files</Filter>
    </ClCompile>
    <ClCompile Include="BaseFileSystem.cpp">
      <Filter>Source Files</Filter>
    </ClCompile>
    <ClCompile Include="filetracker.cpp">
      <Filter>Source Files</Filter>
    </ClCompile>
    <ClCompile Include="filesystem_async.cpp">
      <Filter>Source Files</Filter>
    </ClCompile>
    <ClCompile Include="FileSystem_Stdio.cpp">
      <Filter>Source Files</Filter>
    </ClCompile>
    <ClCompile Include="../public/kevvaluescompiler.cpp">
      <Filter>Source Files</Filter>
    </ClCompile>
    <ClCompile Include="../public/zip_utils.cpp">
      <Filter>Source Files</Filter>
    </ClCompile>
    <ClCompile Include="QueuedLoader.cpp">
      <Filter>Source Files</Filter>
    </ClCompile>
    <ClCompile Include="packfile.cpp">
      <Filter>Source Files</Filter>
    </ClCompile>
  </ItemGroup>
  <ItemGroup>
    <ClInclude Include="BaseFileSystem.h">
      <Filter>Header Files</Filter>
    </ClInclude>
    <ClInclude Include="filetracker.h">
      <Filter>Header Files</Filter>
    </ClInclude>
    <ClInclude Include="threadsaferefcountedobject.h">
      <Filter>Header Files</Filter>
    </ClInclude>
    <ClInclude Include="../Public/tier0/basetypes.h">
      <Filter>Header Files</Filter>
    </ClInclude>
    <ClInclude Include="../Public/BSPFILE.H">
      <Filter>Header Files</Filter>
    </ClInclude>
    <ClInclude Include="../Public/bspflags.h">
      <Filter>Header Files</Filter>
    </ClInclude>
    <ClInclude Include="../Public/mathlib/bumpvects.h">
      <Filter>Header Files</Filter>
    </ClInclude>
    <ClInclude Include="../public/tier1/characterset.h">
      <Filter>Header Files</Filter>
    </ClInclude>
    <ClInclude Include="../public/tier0/dbg.h">
      <Filter>Header Files</Filter>
    </ClInclude>
    <ClInclude Include="../public/tier0/fasttimer.h">
      <Filter>Header Files</Filter>
    </ClInclude>
    <ClInclude Include="../Public/FileSystem.h">
      <Filter>Header Files</Filter>
    </ClInclude>
    <ClInclude Include="../Public/ifilelist.h">
      <Filter>Header Files</Filter>
    </ClInclude>
    <ClInclude Include="../public/appframework/IAppSystem.h">
      <Filter>Header Files</Filter>
    </ClInclude>
    <ClInclude Include="../public/tier1/interface.h">
      <Filter>Header Files</Filter>
    </ClInclude>
    <ClInclude Include="../Public/mathlib/MATHLIB.H">
      <Filter>Header Files</Filter>
    </ClInclude>
    <ClInclude Include="../public/tier0/platform.h">
      <Filter>Header Files</Filter>
    </ClInclude>
    <ClInclude Include="../public/tier1/strtools.h">
      <Filter>Header Files</Filter>
    </ClInclude>
    <ClInclude Include="../public/tier1/utlmemory.h">
      <Filter>Header Files</Filter>
    </ClInclude>
    <ClInclude Include="../public/tier1/utlrbtree.h">
      <Filter>Header Files</Filter>
    </ClInclude>
    <ClInclude Include="../public/tier1/utlsymbol.h">
      <Filter>Header Files</Filter>
    </ClInclude>
    <ClInclude Include="../public/tier1/utlvector.h">
      <Filter>Header Files</Filter>
    </ClInclude>
    <ClInclude Include="../Public/mathlib/vector.h">
      <Filter>Header Files</Filter>
    </ClInclude>
    <ClInclude Include="../Public/mathlib/vector2d.h">
      <Filter>Header Files</Filter>
    </ClInclude>
    <ClInclude Include="../Public/mathlib/vector4d.h">
      <Filter>Header Files</Filter>
    </ClInclude>
    <ClInclude Include="../public/vstdlib/vstdlib.h">
      <Filter>Header Files</Filter>
    </ClInclude>
    <ClInclude Include="../public/keyvaluescompiler.h">
      <Filter>Header Files</Filter>
    </ClInclude>
    <ClInclude Include="../public/filesystem/IQueuedLoader.h">
      <Filter>Header Files</Filter>
    </ClInclude>
    <ClInclude Include="packfile.h">
      <Filter>Header Files</Filter>
    </ClInclude>
  </ItemGroup>
  <ItemGroup/>
  <ItemGroup/>
</Project>
