<Project ToolsVersion="4.0" xmlns="http://schemas.microsoft.com/developer/msbuild/2003">
  <ItemGroup>
    <Filter Include="Source Files">
      <UniqueIdentifier>{6433D6D7-6FCB-407A-B897-34ABD6C4287C}</UniqueIdentifier>
    </Filter>
    <Filter Include="Header Files">
      <UniqueIdentifier>{96952E9E-3969-492B-8304-1446D33809E4}</UniqueIdentifier>
    </Filter>
  </ItemGroup>
  <ItemGroup>
    <ClCompile Include="../../../public/tier0/memoverride.cpp">
      <Filter>Source Files</Filter>
    </ClCompile>
    <ClCompile Include="../iphelpers.cpp">
      <Filter>Source Files</Filter>
    </ClCompile>
    <ClCompile Include="service_conn_mgr.cpp">
      <Filter>Source Files</Filter>
    </ClCompile>
    <ClCompile Include="service_helpers.cpp">
      <Filter>Source Files</Filter>
    </ClCompile>
    <ClCompile Include="perf_counters.cpp">
      <Filter>Source Files</Filter>
    </ClCompile>
    <ClCompile Include="StdAfx.cpp">
      <Filter>Source Files</Filter>
    </ClCompile>
    <ClCompile Include="../tcpsocket_helpers.cpp">
      <Filter>Source Files</Filter>
    </ClCompile>
    <ClCompile Include="../ThreadedTCPSocket.cpp">
      <Filter>Source Files</Filter>
    </ClCompile>
    <ClCompile Include="../ThreadedTCPSocketEmu.cpp">
      <Filter>Source Files</Filter>
    </ClCompile>
    <ClCompile Include="../threadhelpers.cpp">
      <Filter>Source Files</Filter>
    </ClCompile>
    <ClCompile Include="vmpi_service.cpp">
      <Filter>Source Files</Filter>
    </ClCompile>
  </ItemGroup>
  <ItemGroup>
    <ClCompile Include="../../../public/tier0/memoverride.cpp">
      <Filter>Source Files</Filter>
    </ClCompile>
    <ClCompile Include="../iphelpers.cpp">
      <Filter>Source Files</Filter>
    </ClCompile>
    <ClCompile Include="service_conn_mgr.cpp">
      <Filter>Source Files</Filter>
    </ClCompile>
    <ClCompile Include="service_helpers.cpp">
      <Filter>Source Files</Filter>
    </ClCompile>
    <ClCompile Include="perf_counters.cpp">
      <Filter>Source Files</Filter>
    </ClCompile>
    <ClCompile Include="StdAfx.cpp">
      <Filter>Source Files</Filter>
    </ClCompile>
    <ClCompile Include="../tcpsocket_helpers.cpp">
      <Filter>Source Files</Filter>
    </ClCompile>
    <ClCompile Include="../ThreadedTCPSocket.cpp">
      <Filter>Source Files</Filter>
    </ClCompile>
    <ClCompile Include="../ThreadedTCPSocketEmu.cpp">
      <Filter>Source Files</Filter>
    </ClCompile>
    <ClCompile Include="../threadhelpers.cpp">
      <Filter>Source Files</Filter>
    </ClCompile>
    <ClCompile Include="vmpi_service.cpp">
      <Filter>Source Files</Filter>
    </ClCompile>
  </ItemGroup>
  <ItemGroup>
    <ClCompile Include="../../../public/tier0/memoverride.cpp">
      <Filter>Source Files</Filter>
    </ClCompile>
    <ClCompile Include="../iphelpers.cpp">
      <Filter>Source Files</Filter>
    </ClCompile>
    <ClCompile Include="service_conn_mgr.cpp">
      <Filter>Source Files</Filter>
    </ClCompile>
    <ClCompile Include="service_helpers.cpp">
      <Filter>Source Files</Filter>
    </ClCompile>
    <ClCompile Include="perf_counters.cpp">
      <Filter>Source Files</Filter>
    </ClCompile>
    <ClCompile Include="StdAfx.cpp">
      <Filter>Source Files</Filter>
    </ClCompile>
    <ClCompile Include="../tcpsocket_helpers.cpp">
      <Filter>Source Files</Filter>
    </ClCompile>
    <ClCompile Include="../ThreadedTCPSocket.cpp">
      <Filter>Source Files</Filter>
    </ClCompile>
    <ClCompile Include="../ThreadedTCPSocketEmu.cpp">
      <Filter>Source Files</Filter>
    </ClCompile>
    <ClCompile Include="../threadhelpers.cpp">
      <Filter>Source Files</Filter>
    </ClCompile>
    <ClCompile Include="vmpi_service.cpp">
      <Filter>Source Files</Filter>
    </ClCompile>
  </ItemGroup>
  <ItemGroup>
    <ClCompile Include="../../../public/tier0/memoverride.cpp">
      <Filter>Source Files</Filter>
    </ClCompile>
    <ClCompile Include="../iphelpers.cpp">
      <Filter>Source Files</Filter>
    </ClCompile>
    <ClCompile Include="service_conn_mgr.cpp">
      <Filter>Source Files</Filter>
    </ClCompile>
    <ClCompile Include="service_helpers.cpp">
      <Filter>Source Files</Filter>
    </ClCompile>
    <ClCompile Include="perf_counters.cpp">
      <Filter>Source Files</Filter>
    </ClCompile>
    <ClCompile Include="StdAfx.cpp">
      <Filter>Source Files</Filter>
    </ClCompile>
    <ClCompile Include="../tcpsocket_helpers.cpp">
      <Filter>Source Files</Filter>
    </ClCompile>
    <ClCompile Include="../ThreadedTCPSocket.cpp">
      <Filter>Source Files</Filter>
    </ClCompile>
    <ClCompile Include="../ThreadedTCPSocketEmu.cpp">
      <Filter>Source Files</Filter>
    </ClCompile>
    <ClCompile Include="../threadhelpers.cpp">
      <Filter>Source Files</Filter>
    </ClCompile>
    <ClCompile Include="vmpi_service.cpp">
      <Filter>Source Files</Filter>
    </ClCompile>
  </ItemGroup>
  <ItemGroup>
    <ClInclude Include="service_conn_mgr.h">
      <Filter>Header Files</Filter>
    </ClInclude>
    <ClInclude Include="service_helpers.h">
      <Filter>Header Files</Filter>
    </ClInclude>
    <ClInclude Include="perf_counters.h">
      <Filter>Header Files</Filter>
    </ClInclude>
    <ClInclude Include="StdAfx.h">
      <Filter>Header Files</Filter>
    </ClInclude>
    <ClInclude Include="resource.h">
      <Filter>Header Files</Filter>
    </ClInclude>
    <ClInclude Include="vmpi_service.h">
      <Filter>Header Files</Filter>
    </ClInclude>
  </ItemGroup>
  <ItemGroup>
    <ResourceCompile Include="vmpi_service.rc">
      <Filter>Source Files</Filter>
    </ResourceCompile>
  </ItemGroup>
  <ItemGroup/>
</Project>
