<Project ToolsVersion="4.0" xmlns="http://schemas.microsoft.com/developer/msbuild/2003">
  <ItemGroup>
    <Filter Include="Source Files">
      <UniqueIdentifier>{B3CE637F-2CAB-4E49-B8EA-B3A17541DE3F}</UniqueIdentifier>
    </Filter>
    <Filter Include="Header Files">
      <UniqueIdentifier>{8C80E72A-8D49-44EA-8BB1-7B608FBDEB0D}</UniqueIdentifier>
    </Filter>
  </ItemGroup>
  <ItemGroup>
    <ClCompile Include="../public/tier0/memoverride.cpp">
      <Filter>Source Files</Filter>
    </ClCompile>
    <ClCompile Include="unitlib.cpp">
      <Filter>Source Files</Filter>
    </ClCompile>
  </ItemGroup>
  <ItemGroup>
    <ClCompile Include="../public/tier0/memoverride.cpp">
      <Filter>Source Files</Filter>
    </ClCompile>
    <ClCompile Include="unitlib.cpp">
      <Filter>Source Files</Filter>
    </ClCompile>
  </ItemGroup>
  <ItemGroup>
    <ClCompile Include="../public/tier0/memoverride.cpp">
      <Filter>Source Files</Filter>
    </ClCompile>
    <ClCompile Include="unitlib.cpp">
      <Filter>Source Files</Filter>
    </ClCompile>
  </ItemGroup>
  <ItemGroup>
    <ClCompile Include="../public/tier0/memoverride.cpp">
      <Filter>Source Files</Filter>
    </ClCompile>
    <ClCompile Include="unitlib.cpp">
      <Filter>Source Files</Filter>
    </ClCompile>
  </ItemGroup>
  <ItemGroup>
    <ClInclude Include="../Public/unitlib/UnitLib.h">
      <Filter>Header Files</Filter>
    </ClInclude>
  </ItemGroup>
  <ItemGroup/>
  <ItemGroup/>
</Project>
