<Project ToolsVersion="4.0" xmlns="http://schemas.microsoft.com/developer/msbuild/2003">
  <ItemGroup>
    <Filter Include="Source Files">
      <UniqueIdentifier>{DEDEA70E-B7B5-4E81-813D-691982B584F5}</UniqueIdentifier>
    </Filter>
  </ItemGroup>
  <ItemGroup>
    <ClCompile Include="../../public/tier0/memoverride.cpp">
      <Filter>Source Files</Filter>
    </ClCompile>
    <ClCompile Include="commandbuffertest.cpp">
      <Filter>Source Files</Filter>
    </ClCompile>
    <ClCompile Include="processtest.cpp">
      <Filter>Source Files</Filter>
    </ClCompile>
    <ClCompile Include="tier1test.cpp">
      <Filter>Source Files</Filter>
    </ClCompile>
  </ItemGroup>
  <ItemGroup>
    <ClCompile Include="../../public/tier0/memoverride.cpp">
      <Filter>Source Files</Filter>
    </ClCompile>
    <ClCompile Include="commandbuffertest.cpp">
      <Filter>Source Files</Filter>
    </ClCompile>
    <ClCompile Include="processtest.cpp">
      <Filter>Source Files</Filter>
    </ClCompile>
    <ClCompile Include="tier1test.cpp">
      <Filter>Source Files</Filter>
    </ClCompile>
  </ItemGroup>
  <ItemGroup>
    <ClCompile Include="../../public/tier0/memoverride.cpp">
      <Filter>Source Files</Filter>
    </ClCompile>
    <ClCompile Include="commandbuffertest.cpp">
      <Filter>Source Files</Filter>
    </ClCompile>
    <ClCompile Include="processtest.cpp">
      <Filter>Source Files</Filter>
    </ClCompile>
    <ClCompile Include="tier1test.cpp">
      <Filter>Source Files</Filter>
    </ClCompile>
  </ItemGroup>
  <ItemGroup>
    <ClCompile Include="../../public/tier0/memoverride.cpp">
      <Filter>Source Files</Filter>
    </ClCompile>
    <ClCompile Include="commandbuffertest.cpp">
      <Filter>Source Files</Filter>
    </ClCompile>
    <ClCompile Include="processtest.cpp">
      <Filter>Source Files</Filter>
    </ClCompile>
    <ClCompile Include="tier1test.cpp">
      <Filter>Source Files</Filter>
    </ClCompile>
  </ItemGroup>
  <ItemGroup/>
  <ItemGroup/>
  <ItemGroup/>
</Project>
