<Project ToolsVersion="4.0" xmlns="http://schemas.microsoft.com/developer/msbuild/2003">
  <ItemGroup>
    <Filter Include="Source Files\Settings">
      <UniqueIdentifier>{2F48F0A6-CE44-4EC2-BC8A-EB1175CFA17A}</UniqueIdentifier>
    </Filter>
    <Filter Include="Source Files\Settings\Headers">
      <UniqueIdentifier>{9DDAFFB7-091F-4FCD-B17D-A17F271FDB66}</UniqueIdentifier>
    </Filter>
    <Filter Include="Source Files\Settings_Old">
      <UniqueIdentifier>{82A9449C-AA31-4CD3-8925-A12524C09FB1}</UniqueIdentifier>
    </Filter>
    <Filter Include="Source Files\Settings_Old\Headers">
      <UniqueIdentifier>{D8112F12-873E-46FB-BA22-FAF0AD456C0F}</UniqueIdentifier>
    </Filter>
    <Filter Include="Game_MapLab">
      <UniqueIdentifier>{6EA3FC24-F409-4898-9DB9-9CB3925FB7B6}</UniqueIdentifier>
    </Filter>
    <Filter Include="Precompiled Header">
      <UniqueIdentifier>{698C4CB1-C028-4AE3-9420-0043CAF78256}</UniqueIdentifier>
    </Filter>
    <Filter Include="Public Header Files">
      <UniqueIdentifier>{03D7788A-F0CF-4C5D-BCDE-DC131596365A}</UniqueIdentifier>
    </Filter>
    <Filter Include="Source Files">
      <UniqueIdentifier>{57895CAC-6020-40B2-8859-4F6E6B264B89}</UniqueIdentifier>
    </Filter>
  </ItemGroup>
  <ItemGroup>
    <ClCompile Include="../../public/tier0/memoverride.cpp">
      <Filter>Source Files</Filter>
    </ClCompile>
    <ClCompile Include="BonusMapsDatabase.cpp">
      <Filter>Source Files</Filter>
    </ClCompile>
    <ClCompile Include="BonusMapsDialog.cpp">
      <Filter>Source Files</Filter>
    </ClCompile>
    <ClCompile Include="CommentaryExplanationDialog.cpp">
      <Filter>Source Files</Filter>
    </ClCompile>
    <ClCompile Include="ControllerDialog.cpp">
      <Filter>Source Files</Filter>
    </ClCompile>
    <ClCompile Include="LoadGameDialog.cpp">
      <Filter>Source Files</Filter>
    </ClCompile>
    <ClCompile Include="NewGameDialog.cpp">
      <Filter>Source Files</Filter>
    </ClCompile>
    <ClCompile Include="SaveGameBrowserDialog.cpp">
      <Filter>Source Files</Filter>
    </ClCompile>
    <ClCompile Include="SaveGameDialog.cpp">
      <Filter>Source Files</Filter>
    </ClCompile>
    <ClCompile Include="TGAImagePanel.cpp">
      <Filter>Source Files</Filter>
    </ClCompile>
    <ClCompile Include="nb_button.cpp">
      <Filter>Source Files</Filter>
    </ClCompile>
    <ClCompile Include="basemodframe.cpp">
      <Filter>Source Files</Filter>
    </ClCompile>
    <ClCompile Include="BaseModPanel.cpp">
      <Filter>Source Files</Filter>
    </ClCompile>
    <ClCompile Include="gamemodes.cpp">
      <Filter>Source Files</Filter>
    </ClCompile>
    <ClCompile Include="vaddonassociation.cpp">
      <Filter>Source Files</Filter>
    </ClCompile>
    <ClCompile Include="vaddons.cpp">
      <Filter>Source Files</Filter>
    </ClCompile>
    <ClCompile Include="vattractscreen.cpp">
      <Filter>Source Files</Filter>
    </ClCompile>
    <ClCompile Include="vcampaigns.cpp">
      <Filter>Source Files</Filter>
    </ClCompile>
    <ClCompile Include="vcustomcampaigns.cpp">
      <Filter>Source Files</Filter>
    </ClCompile>
    <ClCompile Include="vdropdownmenu.cpp">
      <Filter>Source Files</Filter>
    </ClCompile>
    <ClCompile Include="vflyoutmenu.cpp">
      <Filter>Source Files</Filter>
    </ClCompile>
    <ClCompile Include="vfooterpanel.cpp">
      <Filter>Source Files</Filter>
    </ClCompile>
    <ClCompile Include="vgenericconfirmation.cpp">
      <Filter>Source Files</Filter>
    </ClCompile>
    <ClCompile Include="vgenericpanellist.cpp">
      <Filter>Source Files</Filter>
    </ClCompile>
    <ClCompile Include="vgetlegacydata.cpp">
      <Filter>Source Files</Filter>
    </ClCompile>
    <ClCompile Include="vhybridbutton.cpp">
      <Filter>Source Files</Filter>
    </ClCompile>
    <ClCompile Include="vingamemainmenu.cpp">
      <Filter>Source Files</Filter>
    </ClCompile>
    <ClCompile Include="vloadingprogress.cpp">
      <Filter>Source Files</Filter>
    </ClCompile>
    <ClCompile Include="vmainmenu.cpp">
      <Filter>Source Files</Filter>
    </ClCompile>
    <ClCompile Include="vmenubackground.cpp">
      <Filter>Source Files</Filter>
    </ClCompile>
    <ClCompile Include="vslidercontrol.cpp">
      <Filter>Source Files</Filter>
    </ClCompile>
    <ClCompile Include="vtransitionscreen.cpp">
      <Filter>Source Files</Filter>
    </ClCompile>
    <ClCompile Include="UIGameData.cpp">
      <Filter>Source Files</Filter>
    </ClCompile>
    <ClCompile Include="backgroundmenubutton.cpp">
      <Filter>Source Files</Filter>
    </ClCompile>
    <ClCompile Include="basesavegamedialog.cpp">
      <Filter>Source Files</Filter>
    </ClCompile>
    <ClCompile Include="bitmapimagepanel.cpp">
      <Filter>Source Files</Filter>
    </ClCompile>
    <ClCompile Include="commandcheckbutton.cpp">
      <Filter>Source Files</Filter>
    </ClCompile>
    <ClCompile Include="contentcontroldialog.cpp">
      <Filter>Source Files</Filter>
    </ClCompile>
    <ClCompile Include="createmultiplayergamebotpage.cpp">
      <Filter>Source Files</Filter>
    </ClCompile>
    <ClCompile Include="createmultiplayergamedialog.cpp">
      <Filter>Source Files</Filter>
    </ClCompile>
    <ClCompile Include="createmultiplayergamegameplaypage.cpp">
      <Filter>Source Files</Filter>
    </ClCompile>
    <ClCompile Include="createmultiplayergameserverpage.cpp">
      <Filter>Source Files</Filter>
    </ClCompile>
    <ClCompile Include="customtabexplanationdialog.cpp">
      <Filter>Source Files</Filter>
    </ClCompile>
    <ClCompile Include="cvarnegatecheckbutton.cpp">
      <Filter>Source Files</Filter>
    </ClCompile>
    <ClCompile Include="cvarslider.cpp">
      <Filter>Source Files</Filter>
    </ClCompile>
    <ClCompile Include="cvartextentry.cpp">
      <Filter>Source Files</Filter>
    </ClCompile>
    <ClCompile Include="cvartogglecheckbutton.cpp">
      <Filter>Source Files</Filter>
    </ClCompile>
    <ClCompile Include="gameconsole.cpp">
      <Filter>Source Files</Filter>
    </ClCompile>
    <ClCompile Include="gameconsoledialog.cpp">
      <Filter>Source Files</Filter>
    </ClCompile>
    <ClCompile Include="gameui_interface.cpp">
      <Filter>Source Files</Filter>
    </ClCompile>
    <ClCompile Include="gameui_util.cpp">
      <Filter>Source Files</Filter>
    </ClCompile>
    <ClCompile Include="keytogglecheckbutton.cpp">
      <Filter>Source Files</Filter>
    </ClCompile>
    <ClCompile Include="labeledcommandcombobox.cpp">
      <Filter>Source Files</Filter>
    </ClCompile>
    <ClCompile Include="loadingdialog.cpp">
      <Filter>Source Files</Filter>
    </ClCompile>
    <ClCompile Include="loadingtippanel.cpp">
      <Filter>Source Files</Filter>
    </ClCompile>
    <ClCompile Include="logofile.cpp">
      <Filter>Source Files</Filter>
    </ClCompile>
    <ClCompile Include="modinfo.cpp">
      <Filter>Source Files</Filter>
    </ClCompile>
    <ClCompile Include="mousemessageforwardingpanel.cpp">
      <Filter>Source Files</Filter>
    </ClCompile>
    <ClCompile Include="multiplayeradvanceddialog.cpp">
      <Filter>Source Files</Filter>
    </ClCompile>
    <ClCompile Include="panellistpanel.cpp">
      <Filter>Source Files</Filter>
    </ClCompile>
    <ClCompile Include="playerlistdialog.cpp">
      <Filter>Source Files</Filter>
    </ClCompile>
    <ClCompile Include="rungameengine.cpp">
      <Filter>Source Files</Filter>
    </ClCompile>
    <ClCompile Include="scriptobject.cpp">
      <Filter>Source Files</Filter>
    </ClCompile>
    <ClCompile Include="sys_utils.cpp">
      <Filter>Source Files</Filter>
    </ClCompile>
    <ClCompile Include="textentrybox.cpp">
      <Filter>Source Files</Filter>
    </ClCompile>
    <ClCompile Include="urlbutton.cpp">
      <Filter>Source Files</Filter>
    </ClCompile>
    <ClCompile Include="vcontrolslistpanel.cpp">
      <Filter>Source Files</Filter>
    </ClCompile>
    <ClCompile Include="vguisystemmoduleloader.cpp">
      <Filter>Source Files</Filter>
    </ClCompile>
    <ClCompile Include="../../common/language.cpp">
      <Filter>Source Files</Filter>
    </ClCompile>
    <ClCompile Include="../../public/crtmemdebug.cpp">
      <Filter>Source Files</Filter>
    </ClCompile>
    <ClCompile Include="../../public/filesystem_helpers.cpp">
      <Filter>Source Files</Filter>
    </ClCompile>
    <ClCompile Include="../../common/randoverride.cpp">
      <Filter>Source Files</Filter>
    </ClCompile>
    <ClCompile Include="../../public/vgui_controls/vgui_controls.cpp">
      <Filter>Source Files</Filter>
    </ClCompile>
    <ClCompile Include="shared/settings/vaudio.cpp">
      <Filter>Source Files\Settings</Filter>
    </ClCompile>
    <ClCompile Include="shared/settings/vaudiovideo.cpp">
      <Filter>Source Files\Settings</Filter>
    </ClCompile>
    <ClCompile Include="shared/settings/vgameplaysettings.cpp">
      <Filter>Source Files\Settings</Filter>
    </ClCompile>
    <ClCompile Include="shared/settings/vkeyboard.cpp">
      <Filter>Source Files\Settings</Filter>
    </ClCompile>
    <ClCompile Include="shared/settings/vkeyboardmouse.cpp">
      <Filter>Source Files\Settings</Filter>
    </ClCompile>
    <ClCompile Include="shared/settings/vmouse.cpp">
      <Filter>Source Files\Settings</Filter>
    </ClCompile>
    <ClCompile Include="shared/settings/voptions.cpp">
      <Filter>Source Files\Settings</Filter>
    </ClCompile>
    <ClCompile Include="shared/settings/vvideo.cpp">
      <Filter>Source Files\Settings</Filter>
    </ClCompile>
    <ClCompile Include="shared/settings_old/optionsdialog.cpp">
      <Filter>Source Files\Settings_Old</Filter>
    </ClCompile>
    <ClCompile Include="shared/settings_old/optionsmousedialog.cpp">
      <Filter>Source Files\Settings_Old</Filter>
    </ClCompile>
    <ClCompile Include="shared/settings_old/optionssubaudio.cpp">
      <Filter>Source Files\Settings_Old</Filter>
    </ClCompile>
    <ClCompile Include="shared/settings_old/optionssubdifficulty.cpp">
      <Filter>Source Files\Settings_Old</Filter>
    </ClCompile>
    <ClCompile Include="shared/settings_old/optionssubgame.cpp">
      <Filter>Source Files\Settings_Old</Filter>
    </ClCompile>
    <ClCompile Include="shared/settings_old/optionssubkeyboard.cpp">
      <Filter>Source Files\Settings_Old</Filter>
    </ClCompile>
    <ClCompile Include="shared/settings_old/optionssubmouse.cpp">
      <Filter>Source Files\Settings_Old</Filter>
    </ClCompile>
    <ClCompile Include="shared/settings_old/optionssubportal.cpp">
      <Filter>Source Files\Settings_Old</Filter>
    </ClCompile>
    <ClCompile Include="shared/settings_old/optionssubvideo.cpp">
      <Filter>Source Files\Settings_Old</Filter>
    </ClCompile>
    <ClCompile Include="shared/settings_old/optionssubvoice.cpp">
      <Filter>Source Files\Settings_Old</Filter>
    </ClCompile>
    <ClCompile Include="stdafx.cpp">
      <Filter>Precompiled Header</Filter>
    </ClCompile>
  </ItemGroup>
  <ItemGroup>
    <ClCompile Include="../../public/tier0/memoverride.cpp">
      <Filter>Source Files</Filter>
    </ClCompile>
    <ClCompile Include="BonusMapsDatabase.cpp">
      <Filter>Source Files</Filter>
    </ClCompile>
    <ClCompile Include="BonusMapsDialog.cpp">
      <Filter>Source Files</Filter>
    </ClCompile>
    <ClCompile Include="CommentaryExplanationDialog.cpp">
      <Filter>Source Files</Filter>
    </ClCompile>
    <ClCompile Include="ControllerDialog.cpp">
      <Filter>Source Files</Filter>
    </ClCompile>
    <ClCompile Include="LoadGameDialog.cpp">
      <Filter>Source Files</Filter>
    </ClCompile>
    <ClCompile Include="NewGameDialog.cpp">
      <Filter>Source Files</Filter>
    </ClCompile>
    <ClCompile Include="SaveGameBrowserDialog.cpp">
      <Filter>Source Files</Filter>
    </ClCompile>
    <ClCompile Include="SaveGameDialog.cpp">
      <Filter>Source Files</Filter>
    </ClCompile>
    <ClCompile Include="TGAImagePanel.cpp">
      <Filter>Source Files</Filter>
    </ClCompile>
    <ClCompile Include="nb_button.cpp">
      <Filter>Source Files</Filter>
    </ClCompile>
    <ClCompile Include="basemodframe.cpp">
      <Filter>Source Files</Filter>
    </ClCompile>
    <ClCompile Include="BaseModPanel.cpp">
      <Filter>Source Files</Filter>
    </ClCompile>
    <ClCompile Include="gamemodes.cpp">
      <Filter>Source Files</Filter>
    </ClCompile>
    <ClCompile Include="vaddonassociation.cpp">
      <Filter>Source Files</Filter>
    </ClCompile>
    <ClCompile Include="vaddons.cpp">
      <Filter>Source Files</Filter>
    </ClCompile>
    <ClCompile Include="vattractscreen.cpp">
      <Filter>Source Files</Filter>
    </ClCompile>
    <ClCompile Include="vcampaigns.cpp">
      <Filter>Source Files</Filter>
    </ClCompile>
    <ClCompile Include="vcustomcampaigns.cpp">
      <Filter>Source Files</Filter>
    </ClCompile>
    <ClCompile Include="vdropdownmenu.cpp">
      <Filter>Source Files</Filter>
    </ClCompile>
    <ClCompile Include="vflyoutmenu.cpp">
      <Filter>Source Files</Filter>
    </ClCompile>
    <ClCompile Include="vfooterpanel.cpp">
      <Filter>Source Files</Filter>
    </ClCompile>
    <ClCompile Include="vgenericconfirmation.cpp">
      <Filter>Source Files</Filter>
    </ClCompile>
    <ClCompile Include="vgenericpanellist.cpp">
      <Filter>Source Files</Filter>
    </ClCompile>
    <ClCompile Include="vgetlegacydata.cpp">
      <Filter>Source Files</Filter>
    </ClCompile>
    <ClCompile Include="vhybridbutton.cpp">
      <Filter>Source Files</Filter>
    </ClCompile>
    <ClCompile Include="vingamemainmenu.cpp">
      <Filter>Source Files</Filter>
    </ClCompile>
    <ClCompile Include="vloadingprogress.cpp">
      <Filter>Source Files</Filter>
    </ClCompile>
    <ClCompile Include="vmainmenu.cpp">
      <Filter>Source Files</Filter>
    </ClCompile>
    <ClCompile Include="vmenubackground.cpp">
      <Filter>Source Files</Filter>
    </ClCompile>
    <ClCompile Include="vslidercontrol.cpp">
      <Filter>Source Files</Filter>
    </ClCompile>
    <ClCompile Include="vtransitionscreen.cpp">
      <Filter>Source Files</Filter>
    </ClCompile>
    <ClCompile Include="UIGameData.cpp">
      <Filter>Source Files</Filter>
    </ClCompile>
    <ClCompile Include="backgroundmenubutton.cpp">
      <Filter>Source Files</Filter>
    </ClCompile>
    <ClCompile Include="basesavegamedialog.cpp">
      <Filter>Source Files</Filter>
    </ClCompile>
    <ClCompile Include="bitmapimagepanel.cpp">
      <Filter>Source Files</Filter>
    </ClCompile>
    <ClCompile Include="commandcheckbutton.cpp">
      <Filter>Source Files</Filter>
    </ClCompile>
    <ClCompile Include="contentcontroldialog.cpp">
      <Filter>Source Files</Filter>
    </ClCompile>
    <ClCompile Include="createmultiplayergamebotpage.cpp">
      <Filter>Source Files</Filter>
    </ClCompile>
    <ClCompile Include="createmultiplayergamedialog.cpp">
      <Filter>Source Files</Filter>
    </ClCompile>
    <ClCompile Include="createmultiplayergamegameplaypage.cpp">
      <Filter>Source Files</Filter>
    </ClCompile>
    <ClCompile Include="createmultiplayergameserverpage.cpp">
      <Filter>Source Files</Filter>
    </ClCompile>
    <ClCompile Include="customtabexplanationdialog.cpp">
      <Filter>Source Files</Filter>
    </ClCompile>
    <ClCompile Include="cvarnegatecheckbutton.cpp">
      <Filter>Source Files</Filter>
    </ClCompile>
    <ClCompile Include="cvarslider.cpp">
      <Filter>Source Files</Filter>
    </ClCompile>
    <ClCompile Include="cvartextentry.cpp">
      <Filter>Source Files</Filter>
    </ClCompile>
    <ClCompile Include="cvartogglecheckbutton.cpp">
      <Filter>Source Files</Filter>
    </ClCompile>
    <ClCompile Include="gameconsole.cpp">
      <Filter>Source Files</Filter>
    </ClCompile>
    <ClCompile Include="gameconsoledialog.cpp">
      <Filter>Source Files</Filter>
    </ClCompile>
    <ClCompile Include="gameui_interface.cpp">
      <Filter>Source Files</Filter>
    </ClCompile>
    <ClCompile Include="gameui_util.cpp">
      <Filter>Source Files</Filter>
    </ClCompile>
    <ClCompile Include="keytogglecheckbutton.cpp">
      <Filter>Source Files</Filter>
    </ClCompile>
    <ClCompile Include="labeledcommandcombobox.cpp">
      <Filter>Source Files</Filter>
    </ClCompile>
    <ClCompile Include="loadingdialog.cpp">
      <Filter>Source Files</Filter>
    </ClCompile>
    <ClCompile Include="loadingtippanel.cpp">
      <Filter>Source Files</Filter>
    </ClCompile>
    <ClCompile Include="logofile.cpp">
      <Filter>Source Files</Filter>
    </ClCompile>
    <ClCompile Include="modinfo.cpp">
      <Filter>Source Files</Filter>
    </ClCompile>
    <ClCompile Include="mousemessageforwardingpanel.cpp">
      <Filter>Source Files</Filter>
    </ClCompile>
    <ClCompile Include="multiplayeradvanceddialog.cpp">
      <Filter>Source Files</Filter>
    </ClCompile>
    <ClCompile Include="panellistpanel.cpp">
      <Filter>Source Files</Filter>
    </ClCompile>
    <ClCompile Include="playerlistdialog.cpp">
      <Filter>Source Files</Filter>
    </ClCompile>
    <ClCompile Include="rungameengine.cpp">
      <Filter>Source Files</Filter>
    </ClCompile>
    <ClCompile Include="scriptobject.cpp">
      <Filter>Source Files</Filter>
    </ClCompile>
    <ClCompile Include="sys_utils.cpp">
      <Filter>Source Files</Filter>
    </ClCompile>
    <ClCompile Include="textentrybox.cpp">
      <Filter>Source Files</Filter>
    </ClCompile>
    <ClCompile Include="urlbutton.cpp">
      <Filter>Source Files</Filter>
    </ClCompile>
    <ClCompile Include="vcontrolslistpanel.cpp">
      <Filter>Source Files</Filter>
    </ClCompile>
    <ClCompile Include="vguisystemmoduleloader.cpp">
      <Filter>Source Files</Filter>
    </ClCompile>
    <ClCompile Include="../../common/language.cpp">
      <Filter>Source Files</Filter>
    </ClCompile>
    <ClCompile Include="../../public/crtmemdebug.cpp">
      <Filter>Source Files</Filter>
    </ClCompile>
    <ClCompile Include="../../public/filesystem_helpers.cpp">
      <Filter>Source Files</Filter>
    </ClCompile>
    <ClCompile Include="../../common/randoverride.cpp">
      <Filter>Source Files</Filter>
    </ClCompile>
    <ClCompile Include="../../public/vgui_controls/vgui_controls.cpp">
      <Filter>Source Files</Filter>
    </ClCompile>
    <ClCompile Include="shared/settings/vaudio.cpp">
      <Filter>Source Files\Settings</Filter>
    </ClCompile>
    <ClCompile Include="shared/settings/vaudiovideo.cpp">
      <Filter>Source Files\Settings</Filter>
    </ClCompile>
    <ClCompile Include="shared/settings/vgameplaysettings.cpp">
      <Filter>Source Files\Settings</Filter>
    </ClCompile>
    <ClCompile Include="shared/settings/vkeyboard.cpp">
      <Filter>Source Files\Settings</Filter>
    </ClCompile>
    <ClCompile Include="shared/settings/vkeyboardmouse.cpp">
      <Filter>Source Files\Settings</Filter>
    </ClCompile>
    <ClCompile Include="shared/settings/vmouse.cpp">
      <Filter>Source Files\Settings</Filter>
    </ClCompile>
    <ClCompile Include="shared/settings/voptions.cpp">
      <Filter>Source Files\Settings</Filter>
    </ClCompile>
    <ClCompile Include="shared/settings/vvideo.cpp">
      <Filter>Source Files\Settings</Filter>
    </ClCompile>
    <ClCompile Include="shared/settings_old/optionsdialog.cpp">
      <Filter>Source Files\Settings_Old</Filter>
    </ClCompile>
    <ClCompile Include="shared/settings_old/optionsmousedialog.cpp">
      <Filter>Source Files\Settings_Old</Filter>
    </ClCompile>
    <ClCompile Include="shared/settings_old/optionssubaudio.cpp">
      <Filter>Source Files\Settings_Old</Filter>
    </ClCompile>
    <ClCompile Include="shared/settings_old/optionssubdifficulty.cpp">
      <Filter>Source Files\Settings_Old</Filter>
    </ClCompile>
    <ClCompile Include="shared/settings_old/optionssubgame.cpp">
      <Filter>Source Files\Settings_Old</Filter>
    </ClCompile>
    <ClCompile Include="shared/settings_old/optionssubkeyboard.cpp">
      <Filter>Source Files\Settings_Old</Filter>
    </ClCompile>
    <ClCompile Include="shared/settings_old/optionssubmouse.cpp">
      <Filter>Source Files\Settings_Old</Filter>
    </ClCompile>
    <ClCompile Include="shared/settings_old/optionssubportal.cpp">
      <Filter>Source Files\Settings_Old</Filter>
    </ClCompile>
    <ClCompile Include="shared/settings_old/optionssubvideo.cpp">
      <Filter>Source Files\Settings_Old</Filter>
    </ClCompile>
    <ClCompile Include="shared/settings_old/optionssubvoice.cpp">
      <Filter>Source Files\Settings_Old</Filter>
    </ClCompile>
    <ClCompile Include="stdafx.cpp">
      <Filter>Precompiled Header</Filter>
    </ClCompile>
  </ItemGroup>
  <ItemGroup>
    <ClCompile Include="../../public/tier0/memoverride.cpp">
      <Filter>Source Files</Filter>
    </ClCompile>
    <ClCompile Include="BonusMapsDatabase.cpp">
      <Filter>Source Files</Filter>
    </ClCompile>
    <ClCompile Include="BonusMapsDialog.cpp">
      <Filter>Source Files</Filter>
    </ClCompile>
    <ClCompile Include="CommentaryExplanationDialog.cpp">
      <Filter>Source Files</Filter>
    </ClCompile>
    <ClCompile Include="ControllerDialog.cpp">
      <Filter>Source Files</Filter>
    </ClCompile>
    <ClCompile Include="LoadGameDialog.cpp">
      <Filter>Source Files</Filter>
    </ClCompile>
    <ClCompile Include="NewGameDialog.cpp">
      <Filter>Source Files</Filter>
    </ClCompile>
    <ClCompile Include="SaveGameBrowserDialog.cpp">
      <Filter>Source Files</Filter>
    </ClCompile>
    <ClCompile Include="SaveGameDialog.cpp">
      <Filter>Source Files</Filter>
    </ClCompile>
    <ClCompile Include="TGAImagePanel.cpp">
      <Filter>Source Files</Filter>
    </ClCompile>
    <ClCompile Include="nb_button.cpp">
      <Filter>Source Files</Filter>
    </ClCompile>
    <ClCompile Include="basemodframe.cpp">
      <Filter>Source Files</Filter>
    </ClCompile>
    <ClCompile Include="BaseModPanel.cpp">
      <Filter>Source Files</Filter>
    </ClCompile>
    <ClCompile Include="gamemodes.cpp">
      <Filter>Source Files</Filter>
    </ClCompile>
    <ClCompile Include="vaddonassociation.cpp">
      <Filter>Source Files</Filter>
    </ClCompile>
    <ClCompile Include="vaddons.cpp">
      <Filter>Source Files</Filter>
    </ClCompile>
    <ClCompile Include="vattractscreen.cpp">
      <Filter>Source Files</Filter>
    </ClCompile>
    <ClCompile Include="vcampaigns.cpp">
      <Filter>Source Files</Filter>
    </ClCompile>
    <ClCompile Include="vcustomcampaigns.cpp">
      <Filter>Source Files</Filter>
    </ClCompile>
    <ClCompile Include="vdropdownmenu.cpp">
      <Filter>Source Files</Filter>
    </ClCompile>
    <ClCompile Include="vflyoutmenu.cpp">
      <Filter>Source Files</Filter>
    </ClCompile>
    <ClCompile Include="vfooterpanel.cpp">
      <Filter>Source Files</Filter>
    </ClCompile>
    <ClCompile Include="vgenericconfirmation.cpp">
      <Filter>Source Files</Filter>
    </ClCompile>
    <ClCompile Include="vgenericpanellist.cpp">
      <Filter>Source Files</Filter>
    </ClCompile>
    <ClCompile Include="vgetlegacydata.cpp">
      <Filter>Source Files</Filter>
    </ClCompile>
    <ClCompile Include="vhybridbutton.cpp">
      <Filter>Source Files</Filter>
    </ClCompile>
    <ClCompile Include="vingamemainmenu.cpp">
      <Filter>Source Files</Filter>
    </ClCompile>
    <ClCompile Include="vloadingprogress.cpp">
      <Filter>Source Files</Filter>
    </ClCompile>
    <ClCompile Include="vmainmenu.cpp">
      <Filter>Source Files</Filter>
    </ClCompile>
    <ClCompile Include="vmenubackground.cpp">
      <Filter>Source Files</Filter>
    </ClCompile>
    <ClCompile Include="vslidercontrol.cpp">
      <Filter>Source Files</Filter>
    </ClCompile>
    <ClCompile Include="vtransitionscreen.cpp">
      <Filter>Source Files</Filter>
    </ClCompile>
    <ClCompile Include="UIGameData.cpp">
      <Filter>Source Files</Filter>
    </ClCompile>
    <ClCompile Include="backgroundmenubutton.cpp">
      <Filter>Source Files</Filter>
    </ClCompile>
    <ClCompile Include="basesavegamedialog.cpp">
      <Filter>Source Files</Filter>
    </ClCompile>
    <ClCompile Include="bitmapimagepanel.cpp">
      <Filter>Source Files</Filter>
    </ClCompile>
    <ClCompile Include="commandcheckbutton.cpp">
      <Filter>Source Files</Filter>
    </ClCompile>
    <ClCompile Include="contentcontroldialog.cpp">
      <Filter>Source Files</Filter>
    </ClCompile>
    <ClCompile Include="createmultiplayergamebotpage.cpp">
      <Filter>Source Files</Filter>
    </ClCompile>
    <ClCompile Include="createmultiplayergamedialog.cpp">
      <Filter>Source Files</Filter>
    </ClCompile>
    <ClCompile Include="createmultiplayergamegameplaypage.cpp">
      <Filter>Source Files</Filter>
    </ClCompile>
    <ClCompile Include="createmultiplayergameserverpage.cpp">
      <Filter>Source Files</Filter>
    </ClCompile>
    <ClCompile Include="customtabexplanationdialog.cpp">
      <Filter>Source Files</Filter>
    </ClCompile>
    <ClCompile Include="cvarnegatecheckbutton.cpp">
      <Filter>Source Files</Filter>
    </ClCompile>
    <ClCompile Include="cvarslider.cpp">
      <Filter>Source Files</Filter>
    </ClCompile>
    <ClCompile Include="cvartextentry.cpp">
      <Filter>Source Files</Filter>
    </ClCompile>
    <ClCompile Include="cvartogglecheckbutton.cpp">
      <Filter>Source Files</Filter>
    </ClCompile>
    <ClCompile Include="gameconsole.cpp">
      <Filter>Source Files</Filter>
    </ClCompile>
    <ClCompile Include="gameconsoledialog.cpp">
      <Filter>Source Files</Filter>
    </ClCompile>
    <ClCompile Include="gameui_interface.cpp">
      <Filter>Source Files</Filter>
    </ClCompile>
    <ClCompile Include="gameui_util.cpp">
      <Filter>Source Files</Filter>
    </ClCompile>
    <ClCompile Include="keytogglecheckbutton.cpp">
      <Filter>Source Files</Filter>
    </ClCompile>
    <ClCompile Include="labeledcommandcombobox.cpp">
      <Filter>Source Files</Filter>
    </ClCompile>
    <ClCompile Include="loadingdialog.cpp">
      <Filter>Source Files</Filter>
    </ClCompile>
    <ClCompile Include="loadingtippanel.cpp">
      <Filter>Source Files</Filter>
    </ClCompile>
    <ClCompile Include="logofile.cpp">
      <Filter>Source Files</Filter>
    </ClCompile>
    <ClCompile Include="modinfo.cpp">
      <Filter>Source Files</Filter>
    </ClCompile>
    <ClCompile Include="mousemessageforwardingpanel.cpp">
      <Filter>Source Files</Filter>
    </ClCompile>
    <ClCompile Include="multiplayeradvanceddialog.cpp">
      <Filter>Source Files</Filter>
    </ClCompile>
    <ClCompile Include="panellistpanel.cpp">
      <Filter>Source Files</Filter>
    </ClCompile>
    <ClCompile Include="playerlistdialog.cpp">
      <Filter>Source Files</Filter>
    </ClCompile>
    <ClCompile Include="rungameengine.cpp">
      <Filter>Source Files</Filter>
    </ClCompile>
    <ClCompile Include="scriptobject.cpp">
      <Filter>Source Files</Filter>
    </ClCompile>
    <ClCompile Include="sys_utils.cpp">
      <Filter>Source Files</Filter>
    </ClCompile>
    <ClCompile Include="textentrybox.cpp">
      <Filter>Source Files</Filter>
    </ClCompile>
    <ClCompile Include="urlbutton.cpp">
      <Filter>Source Files</Filter>
    </ClCompile>
    <ClCompile Include="vcontrolslistpanel.cpp">
      <Filter>Source Files</Filter>
    </ClCompile>
    <ClCompile Include="vguisystemmoduleloader.cpp">
      <Filter>Source Files</Filter>
    </ClCompile>
    <ClCompile Include="../../common/language.cpp">
      <Filter>Source Files</Filter>
    </ClCompile>
    <ClCompile Include="../../public/crtmemdebug.cpp">
      <Filter>Source Files</Filter>
    </ClCompile>
    <ClCompile Include="../../public/filesystem_helpers.cpp">
      <Filter>Source Files</Filter>
    </ClCompile>
    <ClCompile Include="../../common/randoverride.cpp">
      <Filter>Source Files</Filter>
    </ClCompile>
    <ClCompile Include="../../public/vgui_controls/vgui_controls.cpp">
      <Filter>Source Files</Filter>
    </ClCompile>
    <ClCompile Include="shared/settings/vaudio.cpp">
      <Filter>Source Files\Settings</Filter>
    </ClCompile>
    <ClCompile Include="shared/settings/vaudiovideo.cpp">
      <Filter>Source Files\Settings</Filter>
    </ClCompile>
    <ClCompile Include="shared/settings/vgameplaysettings.cpp">
      <Filter>Source Files\Settings</Filter>
    </ClCompile>
    <ClCompile Include="shared/settings/vkeyboard.cpp">
      <Filter>Source Files\Settings</Filter>
    </ClCompile>
    <ClCompile Include="shared/settings/vkeyboardmouse.cpp">
      <Filter>Source Files\Settings</Filter>
    </ClCompile>
    <ClCompile Include="shared/settings/vmouse.cpp">
      <Filter>Source Files\Settings</Filter>
    </ClCompile>
    <ClCompile Include="shared/settings/voptions.cpp">
      <Filter>Source Files\Settings</Filter>
    </ClCompile>
    <ClCompile Include="shared/settings/vvideo.cpp">
      <Filter>Source Files\Settings</Filter>
    </ClCompile>
    <ClCompile Include="shared/settings_old/optionsdialog.cpp">
      <Filter>Source Files\Settings_Old</Filter>
    </ClCompile>
    <ClCompile Include="shared/settings_old/optionsmousedialog.cpp">
      <Filter>Source Files\Settings_Old</Filter>
    </ClCompile>
    <ClCompile Include="shared/settings_old/optionssubaudio.cpp">
      <Filter>Source Files\Settings_Old</Filter>
    </ClCompile>
    <ClCompile Include="shared/settings_old/optionssubdifficulty.cpp">
      <Filter>Source Files\Settings_Old</Filter>
    </ClCompile>
    <ClCompile Include="shared/settings_old/optionssubgame.cpp">
      <Filter>Source Files\Settings_Old</Filter>
    </ClCompile>
    <ClCompile Include="shared/settings_old/optionssubkeyboard.cpp">
      <Filter>Source Files\Settings_Old</Filter>
    </ClCompile>
    <ClCompile Include="shared/settings_old/optionssubmouse.cpp">
      <Filter>Source Files\Settings_Old</Filter>
    </ClCompile>
    <ClCompile Include="shared/settings_old/optionssubportal.cpp">
      <Filter>Source Files\Settings_Old</Filter>
    </ClCompile>
    <ClCompile Include="shared/settings_old/optionssubvideo.cpp">
      <Filter>Source Files\Settings_Old</Filter>
    </ClCompile>
    <ClCompile Include="shared/settings_old/optionssubvoice.cpp">
      <Filter>Source Files\Settings_Old</Filter>
    </ClCompile>
    <ClCompile Include="stdafx.cpp">
      <Filter>Precompiled Header</Filter>
    </ClCompile>
  </ItemGroup>
  <ItemGroup>
    <ClCompile Include="../../public/tier0/memoverride.cpp">
      <Filter>Source Files</Filter>
    </ClCompile>
    <ClCompile Include="BonusMapsDatabase.cpp">
      <Filter>Source Files</Filter>
    </ClCompile>
    <ClCompile Include="BonusMapsDialog.cpp">
      <Filter>Source Files</Filter>
    </ClCompile>
    <ClCompile Include="CommentaryExplanationDialog.cpp">
      <Filter>Source Files</Filter>
    </ClCompile>
    <ClCompile Include="ControllerDialog.cpp">
      <Filter>Source Files</Filter>
    </ClCompile>
    <ClCompile Include="LoadGameDialog.cpp">
      <Filter>Source Files</Filter>
    </ClCompile>
    <ClCompile Include="NewGameDialog.cpp">
      <Filter>Source Files</Filter>
    </ClCompile>
    <ClCompile Include="SaveGameBrowserDialog.cpp">
      <Filter>Source Files</Filter>
    </ClCompile>
    <ClCompile Include="SaveGameDialog.cpp">
      <Filter>Source Files</Filter>
    </ClCompile>
    <ClCompile Include="TGAImagePanel.cpp">
      <Filter>Source Files</Filter>
    </ClCompile>
    <ClCompile Include="nb_button.cpp">
      <Filter>Source Files</Filter>
    </ClCompile>
    <ClCompile Include="basemodframe.cpp">
      <Filter>Source Files</Filter>
    </ClCompile>
    <ClCompile Include="BaseModPanel.cpp">
      <Filter>Source Files</Filter>
    </ClCompile>
    <ClCompile Include="gamemodes.cpp">
      <Filter>Source Files</Filter>
    </ClCompile>
    <ClCompile Include="vaddonassociation.cpp">
      <Filter>Source Files</Filter>
    </ClCompile>
    <ClCompile Include="vaddons.cpp">
      <Filter>Source Files</Filter>
    </ClCompile>
    <ClCompile Include="vattractscreen.cpp">
      <Filter>Source Files</Filter>
    </ClCompile>
    <ClCompile Include="vcampaigns.cpp">
      <Filter>Source Files</Filter>
    </ClCompile>
    <ClCompile Include="vcustomcampaigns.cpp">
      <Filter>Source Files</Filter>
    </ClCompile>
    <ClCompile Include="vdropdownmenu.cpp">
      <Filter>Source Files</Filter>
    </ClCompile>
    <ClCompile Include="vflyoutmenu.cpp">
      <Filter>Source Files</Filter>
    </ClCompile>
    <ClCompile Include="vfooterpanel.cpp">
      <Filter>Source Files</Filter>
    </ClCompile>
    <ClCompile Include="vgenericconfirmation.cpp">
      <Filter>Source Files</Filter>
    </ClCompile>
    <ClCompile Include="vgenericpanellist.cpp">
      <Filter>Source Files</Filter>
    </ClCompile>
    <ClCompile Include="vgetlegacydata.cpp">
      <Filter>Source Files</Filter>
    </ClCompile>
    <ClCompile Include="vhybridbutton.cpp">
      <Filter>Source Files</Filter>
    </ClCompile>
    <ClCompile Include="vingamemainmenu.cpp">
      <Filter>Source Files</Filter>
    </ClCompile>
    <ClCompile Include="vloadingprogress.cpp">
      <Filter>Source Files</Filter>
    </ClCompile>
    <ClCompile Include="vmainmenu.cpp">
      <Filter>Source Files</Filter>
    </ClCompile>
    <ClCompile Include="vmenubackground.cpp">
      <Filter>Source Files</Filter>
    </ClCompile>
    <ClCompile Include="vslidercontrol.cpp">
      <Filter>Source Files</Filter>
    </ClCompile>
    <ClCompile Include="vtransitionscreen.cpp">
      <Filter>Source Files</Filter>
    </ClCompile>
    <ClCompile Include="UIGameData.cpp">
      <Filter>Source Files</Filter>
    </ClCompile>
    <ClCompile Include="backgroundmenubutton.cpp">
      <Filter>Source Files</Filter>
    </ClCompile>
    <ClCompile Include="basesavegamedialog.cpp">
      <Filter>Source Files</Filter>
    </ClCompile>
    <ClCompile Include="bitmapimagepanel.cpp">
      <Filter>Source Files</Filter>
    </ClCompile>
    <ClCompile Include="commandcheckbutton.cpp">
      <Filter>Source Files</Filter>
    </ClCompile>
    <ClCompile Include="contentcontroldialog.cpp">
      <Filter>Source Files</Filter>
    </ClCompile>
    <ClCompile Include="createmultiplayergamebotpage.cpp">
      <Filter>Source Files</Filter>
    </ClCompile>
    <ClCompile Include="createmultiplayergamedialog.cpp">
      <Filter>Source Files</Filter>
    </ClCompile>
    <ClCompile Include="createmultiplayergamegameplaypage.cpp">
      <Filter>Source Files</Filter>
    </ClCompile>
    <ClCompile Include="createmultiplayergameserverpage.cpp">
      <Filter>Source Files</Filter>
    </ClCompile>
    <ClCompile Include="customtabexplanationdialog.cpp">
      <Filter>Source Files</Filter>
    </ClCompile>
    <ClCompile Include="cvarnegatecheckbutton.cpp">
      <Filter>Source Files</Filter>
    </ClCompile>
    <ClCompile Include="cvarslider.cpp">
      <Filter>Source Files</Filter>
    </ClCompile>
    <ClCompile Include="cvartextentry.cpp">
      <Filter>Source Files</Filter>
    </ClCompile>
    <ClCompile Include="cvartogglecheckbutton.cpp">
      <Filter>Source Files</Filter>
    </ClCompile>
    <ClCompile Include="gameconsole.cpp">
      <Filter>Source Files</Filter>
    </ClCompile>
    <ClCompile Include="gameconsoledialog.cpp">
      <Filter>Source Files</Filter>
    </ClCompile>
    <ClCompile Include="gameui_interface.cpp">
      <Filter>Source Files</Filter>
    </ClCompile>
    <ClCompile Include="gameui_util.cpp">
      <Filter>Source Files</Filter>
    </ClCompile>
    <ClCompile Include="keytogglecheckbutton.cpp">
      <Filter>Source Files</Filter>
    </ClCompile>
    <ClCompile Include="labeledcommandcombobox.cpp">
      <Filter>Source Files</Filter>
    </ClCompile>
    <ClCompile Include="loadingdialog.cpp">
      <Filter>Source Files</Filter>
    </ClCompile>
    <ClCompile Include="loadingtippanel.cpp">
      <Filter>Source Files</Filter>
    </ClCompile>
    <ClCompile Include="logofile.cpp">
      <Filter>Source Files</Filter>
    </ClCompile>
    <ClCompile Include="modinfo.cpp">
      <Filter>Source Files</Filter>
    </ClCompile>
    <ClCompile Include="mousemessageforwardingpanel.cpp">
      <Filter>Source Files</Filter>
    </ClCompile>
    <ClCompile Include="multiplayeradvanceddialog.cpp">
      <Filter>Source Files</Filter>
    </ClCompile>
    <ClCompile Include="panellistpanel.cpp">
      <Filter>Source Files</Filter>
    </ClCompile>
    <ClCompile Include="playerlistdialog.cpp">
      <Filter>Source Files</Filter>
    </ClCompile>
    <ClCompile Include="rungameengine.cpp">
      <Filter>Source Files</Filter>
    </ClCompile>
    <ClCompile Include="scriptobject.cpp">
      <Filter>Source Files</Filter>
    </ClCompile>
    <ClCompile Include="sys_utils.cpp">
      <Filter>Source Files</Filter>
    </ClCompile>
    <ClCompile Include="textentrybox.cpp">
      <Filter>Source Files</Filter>
    </ClCompile>
    <ClCompile Include="urlbutton.cpp">
      <Filter>Source Files</Filter>
    </ClCompile>
    <ClCompile Include="vcontrolslistpanel.cpp">
      <Filter>Source Files</Filter>
    </ClCompile>
    <ClCompile Include="vguisystemmoduleloader.cpp">
      <Filter>Source Files</Filter>
    </ClCompile>
    <ClCompile Include="../../common/language.cpp">
      <Filter>Source Files</Filter>
    </ClCompile>
    <ClCompile Include="../../public/crtmemdebug.cpp">
      <Filter>Source Files</Filter>
    </ClCompile>
    <ClCompile Include="../../public/filesystem_helpers.cpp">
      <Filter>Source Files</Filter>
    </ClCompile>
    <ClCompile Include="../../common/randoverride.cpp">
      <Filter>Source Files</Filter>
    </ClCompile>
    <ClCompile Include="../../public/vgui_controls/vgui_controls.cpp">
      <Filter>Source Files</Filter>
    </ClCompile>
    <ClCompile Include="shared/settings/vaudio.cpp">
      <Filter>Source Files\Settings</Filter>
    </ClCompile>
    <ClCompile Include="shared/settings/vaudiovideo.cpp">
      <Filter>Source Files\Settings</Filter>
    </ClCompile>
    <ClCompile Include="shared/settings/vgameplaysettings.cpp">
      <Filter>Source Files\Settings</Filter>
    </ClCompile>
    <ClCompile Include="shared/settings/vkeyboard.cpp">
      <Filter>Source Files\Settings</Filter>
    </ClCompile>
    <ClCompile Include="shared/settings/vkeyboardmouse.cpp">
      <Filter>Source Files\Settings</Filter>
    </ClCompile>
    <ClCompile Include="shared/settings/vmouse.cpp">
      <Filter>Source Files\Settings</Filter>
    </ClCompile>
    <ClCompile Include="shared/settings/voptions.cpp">
      <Filter>Source Files\Settings</Filter>
    </ClCompile>
    <ClCompile Include="shared/settings/vvideo.cpp">
      <Filter>Source Files\Settings</Filter>
    </ClCompile>
    <ClCompile Include="shared/settings_old/optionsdialog.cpp">
      <Filter>Source Files\Settings_Old</Filter>
    </ClCompile>
    <ClCompile Include="shared/settings_old/optionsmousedialog.cpp">
      <Filter>Source Files\Settings_Old</Filter>
    </ClCompile>
    <ClCompile Include="shared/settings_old/optionssubaudio.cpp">
      <Filter>Source Files\Settings_Old</Filter>
    </ClCompile>
    <ClCompile Include="shared/settings_old/optionssubdifficulty.cpp">
      <Filter>Source Files\Settings_Old</Filter>
    </ClCompile>
    <ClCompile Include="shared/settings_old/optionssubgame.cpp">
      <Filter>Source Files\Settings_Old</Filter>
    </ClCompile>
    <ClCompile Include="shared/settings_old/optionssubkeyboard.cpp">
      <Filter>Source Files\Settings_Old</Filter>
    </ClCompile>
    <ClCompile Include="shared/settings_old/optionssubmouse.cpp">
      <Filter>Source Files\Settings_Old</Filter>
    </ClCompile>
    <ClCompile Include="shared/settings_old/optionssubportal.cpp">
      <Filter>Source Files\Settings_Old</Filter>
    </ClCompile>
    <ClCompile Include="shared/settings_old/optionssubvideo.cpp">
      <Filter>Source Files\Settings_Old</Filter>
    </ClCompile>
    <ClCompile Include="shared/settings_old/optionssubvoice.cpp">
      <Filter>Source Files\Settings_Old</Filter>
    </ClCompile>
    <ClCompile Include="stdafx.cpp">
      <Filter>Precompiled Header</Filter>
    </ClCompile>
  </ItemGroup>
  <ItemGroup>
    <ClInclude Include="BonusMapsDatabase.h">
      <Filter>Source Files</Filter>
    </ClInclude>
    <ClInclude Include="BonusMapsDialog.h">
      <Filter>Source Files</Filter>
    </ClInclude>
    <ClInclude Include="CommentaryExplanationDialog.h">
      <Filter>Source Files</Filter>
    </ClInclude>
    <ClInclude Include="ControllerDialog.h">
      <Filter>Source Files</Filter>
    </ClInclude>
    <ClInclude Include="LoadGameDialog.h">
      <Filter>Source Files</Filter>
    </ClInclude>
    <ClInclude Include="NewGameDialog.h">
      <Filter>Source Files</Filter>
    </ClInclude>
    <ClInclude Include="SaveGameBrowserDialog.h">
      <Filter>Source Files</Filter>
    </ClInclude>
    <ClInclude Include="SaveGameDialog.h">
      <Filter>Source Files</Filter>
    </ClInclude>
    <ClInclude Include="TGAImagePanel.h">
      <Filter>Source Files</Filter>
    </ClInclude>
    <ClInclude Include="nb_button.h">
      <Filter>Source Files</Filter>
    </ClInclude>
    <ClInclude Include="cbase.h">
      <Filter>Source Files</Filter>
    </ClInclude>
    <ClInclude Include="basemodframe.h">
      <Filter>Source Files</Filter>
    </ClInclude>
    <ClInclude Include="gamemodes.h">
      <Filter>Source Files</Filter>
    </ClInclude>
    <ClInclude Include="UIGameData.h">
      <Filter>Source Files</Filter>
    </ClInclude>
    <ClInclude Include="vaddonassociation.h">
      <Filter>Source Files</Filter>
    </ClInclude>
    <ClInclude Include="vaddons.h">
      <Filter>Source Files</Filter>
    </ClInclude>
    <ClInclude Include="vattractscreen.h">
      <Filter>Source Files</Filter>
    </ClInclude>
    <ClInclude Include="vcustomcampaigns.h">
      <Filter>Source Files</Filter>
    </ClInclude>
    <ClInclude Include="vdropdownmenu.h">
      <Filter>Source Files</Filter>
    </ClInclude>
    <ClInclude Include="vflyoutmenu.h">
      <Filter>Source Files</Filter>
    </ClInclude>
    <ClInclude Include="vfooterpanel.h">
      <Filter>Source Files</Filter>
    </ClInclude>
    <ClInclude Include="vgenericconfirmation.h">
      <Filter>Source Files</Filter>
    </ClInclude>
    <ClInclude Include="vgenericpanellist.h">
      <Filter>Source Files</Filter>
    </ClInclude>
    <ClInclude Include="vgetlegacydata.h">
      <Filter>Source Files</Filter>
    </ClInclude>
    <ClInclude Include="vhybridbutton.h">
      <Filter>Source Files</Filter>
    </ClInclude>
    <ClInclude Include="vingamemainmenu.h">
      <Filter>Source Files</Filter>
    </ClInclude>
    <ClInclude Include="vloadingprogress.h">
      <Filter>Source Files</Filter>
    </ClInclude>
    <ClInclude Include="vmainmenu.h">
      <Filter>Source Files</Filter>
    </ClInclude>
    <ClInclude Include="vslidercontrol.h">
      <Filter>Source Files</Filter>
    </ClInclude>
    <ClInclude Include="vtransitionscreen.h">
      <Filter>Source Files</Filter>
    </ClInclude>
    <ClInclude Include="shared/settings/vaudio.h">
      <Filter>Source Files\Settings\Headers</Filter>
    </ClInclude>
    <ClInclude Include="shared/settings/vaudiovideo.h">
      <Filter>Source Files\Settings\Headers</Filter>
    </ClInclude>
    <ClInclude Include="shared/settings/vgameplaysettings.h">
      <Filter>Source Files\Settings\Headers</Filter>
    </ClInclude>
    <ClInclude Include="shared/settings/vkeyboard.h">
      <Filter>Source Files\Settings\Headers</Filter>
    </ClInclude>
    <ClInclude Include="shared/settings/vkeyboardmouse.h">
      <Filter>Source Files\Settings\Headers</Filter>
    </ClInclude>
    <ClInclude Include="shared/settings/vmouse.h">
      <Filter>Source Files\Settings\Headers</Filter>
    </ClInclude>
    <ClInclude Include="shared/settings/voptions.h">
      <Filter>Source Files\Settings\Headers</Filter>
    </ClInclude>
    <ClInclude Include="shared/settings/vvideo.h">
      <Filter>Source Files\Settings\Headers</Filter>
    </ClInclude>
    <ClInclude Include="shared/settings_old/optionsdialog.h">
      <Filter>Source Files\Settings_Old\Headers</Filter>
    </ClInclude>
    <ClInclude Include="shared/settings_old/optionsmousedialog.h">
      <Filter>Source Files\Settings_Old\Headers</Filter>
    </ClInclude>
    <ClInclude Include="shared/settings_old/optionssubaudio.h">
      <Filter>Source Files\Settings_Old\Headers</Filter>
    </ClInclude>
    <ClInclude Include="shared/settings_old/optionssubdifficulty.h">
      <Filter>Source Files\Settings_Old\Headers</Filter>
    </ClInclude>
    <ClInclude Include="shared/settings_old/optionssubgame.h">
      <Filter>Source Files\Settings_Old\Headers</Filter>
    </ClInclude>
    <ClInclude Include="shared/settings_old/optionssubkeyboard.h">
      <Filter>Source Files\Settings_Old\Headers</Filter>
    </ClInclude>
    <ClInclude Include="shared/settings_old/optionssubmouse.h">
      <Filter>Source Files\Settings_Old\Headers</Filter>
    </ClInclude>
    <ClInclude Include="shared/settings_old/optionssubportal.h">
      <Filter>Source Files\Settings_Old\Headers</Filter>
    </ClInclude>
    <ClInclude Include="shared/settings_old/optionssubvideo.h">
      <Filter>Source Files\Settings_Old\Headers</Filter>
    </ClInclude>
    <ClInclude Include="shared/settings_old/optionssubvoice.h">
      <Filter>Source Files\Settings_Old\Headers</Filter>
    </ClInclude>
    <ClInclude Include="../../public/iachievementmgr.h">
      <Filter>Public Header Files</Filter>
    </ClInclude>
    <ClInclude Include="../../public/game/client/IGameClientExports.h">
      <Filter>Public Header Files</Filter>
    </ClInclude>
    <ClInclude Include="../../common/GameUI/IGameUI.h">
      <Filter>Public Header Files</Filter>
    </ClInclude>
    <ClInclude Include="../../public/IGameUIFuncs.h">
      <Filter>Public Header Files</Filter>
    </ClInclude>
    <ClInclude Include="../../public/tier1/interface.h">
      <Filter>Public Header Files</Filter>
    </ClInclude>
    <ClInclude Include="../../common/IRunGameEngine.h">
      <Filter>Public Header Files</Filter>
    </ClInclude>
    <ClInclude Include="../../common/IVGuiModule.h">
      <Filter>Public Header Files</Filter>
    </ClInclude>
    <ClInclude Include="../../common/IVGuiModuleLoader.h">
      <Filter>Public Header Files</Filter>
    </ClInclude>
    <ClInclude Include="../../public/savegame_version.h">
      <Filter>Public Header Files</Filter>
    </ClInclude>
    <ClInclude Include="../../common/language.h">
      <Filter>Public Header Files</Filter>
    </ClInclude>
    <ClInclude Include="maplab/ui_defines.h">
      <Filter>Game_MapLab</Filter>
    </ClInclude>
  </ItemGroup>
  <ItemGroup/>
  <ItemGroup/>
</Project>
