<Project ToolsVersion="4.0" xmlns="http://schemas.microsoft.com/developer/msbuild/2003">
  <ItemGroup>
    <Filter Include="Source Files">
      <UniqueIdentifier>{C757B062-91AC-4595-AC13-9CDAE6AE8E6C}</UniqueIdentifier>
    </Filter>
    <Filter Include="Header Files">
      <UniqueIdentifier>{5A042EFD-1763-41CA-8703-4018D86C74EE}</UniqueIdentifier>
    </Filter>
  </ItemGroup>
  <ItemGroup>
    <ClCompile Include="BaseShader.cpp">
      <Filter>Source Files</Filter>
    </ClCompile>
    <ClCompile Include="ShaderDLL.cpp">
      <Filter>Source Files</Filter>
    </ClCompile>
    <ClCompile Include="shaderlib_cvar.cpp">
      <Filter>Source Files</Filter>
    </ClCompile>
  </ItemGroup>
  <ItemGroup>
    <ClCompile Include="BaseShader.cpp">
      <Filter>Source Files</Filter>
    </ClCompile>
    <ClCompile Include="ShaderDLL.cpp">
      <Filter>Source Files</Filter>
    </ClCompile>
    <ClCompile Include="shaderlib_cvar.cpp">
      <Filter>Source Files</Filter>
    </ClCompile>
  </ItemGroup>
  <ItemGroup>
    <ClCompile Include="BaseShader.cpp">
      <Filter>Source Files</Filter>
    </ClCompile>
    <ClCompile Include="ShaderDLL.cpp">
      <Filter>Source Files</Filter>
    </ClCompile>
    <ClCompile Include="shaderlib_cvar.cpp">
      <Filter>Source Files</Filter>
    </ClCompile>
  </ItemGroup>
  <ItemGroup>
    <ClCompile Include="BaseShader.cpp">
      <Filter>Source Files</Filter>
    </ClCompile>
    <ClCompile Include="ShaderDLL.cpp">
      <Filter>Source Files</Filter>
    </ClCompile>
    <ClCompile Include="shaderlib_cvar.cpp">
      <Filter>Source Files</Filter>
    </ClCompile>
  </ItemGroup>
  <ItemGroup>
    <ClInclude Include="shaderDLL_Global.h">
      <Filter>Header Files</Filter>
    </ClInclude>
    <ClInclude Include="shaderlib_cvar.h">
      <Filter>Header Files</Filter>
    </ClInclude>
    <ClInclude Include="../../public/shaderlib/BaseShader.h">
      <Filter>Header Files</Filter>
    </ClInclude>
    <ClInclude Include="../../Public/tier0/basetypes.h">
      <Filter>Header Files</Filter>
    </ClInclude>
    <ClInclude Include="../../Public/commonmacros.h">
      <Filter>Header Files</Filter>
    </ClInclude>
    <ClInclude Include="../../public/shaderlib/cshader.h">
      <Filter>Header Files</Filter>
    </ClInclude>
    <ClInclude Include="../../public/tier0/dbg.h">
      <Filter>Header Files</Filter>
    </ClInclude>
    <ClInclude Include="../../public/tier0/fasttimer.h">
      <Filter>Header Files</Filter>
    </ClInclude>
    <ClInclude Include="../../public/appframework/IAppSystem.h">
      <Filter>Header Files</Filter>
    </ClInclude>
    <ClInclude Include="../../public/tier0/ICommandLine.h">
      <Filter>Header Files</Filter>
    </ClInclude>
    <ClInclude Include="../../Public/icvar.h">
      <Filter>Header Files</Filter>
    </ClInclude>
    <ClInclude Include="../../public/materialsystem/imaterial.h">
      <Filter>Header Files</Filter>
    </ClInclude>
    <ClInclude Include="../../public/materialsystem/imaterialsystem.h">
      <Filter>Header Files</Filter>
    </ClInclude>
    <ClInclude Include="../../public/materialsystem/imaterialsystemhardwareconfig.h">
      <Filter>Header Files</Filter>
    </ClInclude>
    <ClInclude Include="../../public/materialsystem/imaterialvar.h">
      <Filter>Header Files</Filter>
    </ClInclude>
    <ClInclude Include="../../public/materialsystem/imesh.h">
      <Filter>Header Files</Filter>
    </ClInclude>
    <ClInclude Include="../../public/materialsystem/IShader.h">
      <Filter>Header Files</Filter>
    </ClInclude>
    <ClInclude Include="../../public/materialsystem/ishaderapi.h">
      <Filter>Header Files</Filter>
    </ClInclude>
    <ClInclude Include="../IShaderSystem.h">
      <Filter>Header Files</Filter>
    </ClInclude>
    <ClInclude Include="../../public/materialsystem/itexture.h">
      <Filter>Header Files</Filter>
    </ClInclude>
    <ClInclude Include="../../public/materialsystem/materialsystem_config.h">
      <Filter>Header Files</Filter>
    </ClInclude>
    <ClInclude Include="../../Public/mathlib/MATHLIB.H">
      <Filter>Header Files</Filter>
    </ClInclude>
    <ClInclude Include="../../public/tier0/memdbgoff.h">
      <Filter>Header Files</Filter>
    </ClInclude>
    <ClInclude Include="../../public/tier0/memdbgon.h">
      <Filter>Header Files</Filter>
    </ClInclude>
    <ClInclude Include="../../public/tier0/platform.h">
      <Filter>Header Files</Filter>
    </ClInclude>
    <ClInclude Include="../../public/protected_things.h">
      <Filter>Header Files</Filter>
    </ClInclude>
    <ClInclude Include="../../public/shaderlib/ShaderDLL.h">
      <Filter>Header Files</Filter>
    </ClInclude>
    <ClInclude Include="../../public/string_t.h">
      <Filter>Header Files</Filter>
    </ClInclude>
    <ClInclude Include="../../public/tier1/strtools.h">
      <Filter>Header Files</Filter>
    </ClInclude>
    <ClInclude Include="../../public/tier1/utlmemory.h">
      <Filter>Header Files</Filter>
    </ClInclude>
    <ClInclude Include="../../public/tier1/utlvector.h">
      <Filter>Header Files</Filter>
    </ClInclude>
    <ClInclude Include="../../Public/mathlib/vector.h">
      <Filter>Header Files</Filter>
    </ClInclude>
    <ClInclude Include="../../Public/mathlib/vector2d.h">
      <Filter>Header Files</Filter>
    </ClInclude>
    <ClInclude Include="../../Public/mathlib/vector4d.h">
      <Filter>Header Files</Filter>
    </ClInclude>
    <ClInclude Include="../../Public/mathlib/vmatrix.h">
      <Filter>Header Files</Filter>
    </ClInclude>
    <ClInclude Include="../../Public/mathlib/vplane.h">
      <Filter>Header Files</Filter>
    </ClInclude>
    <ClInclude Include="../../public/vstdlib/vstdlib.h">
      <Filter>Header Files</Filter>
    </ClInclude>
  </ItemGroup>
  <ItemGroup/>
  <ItemGroup/>
</Project>
