<Project ToolsVersion="4.0" xmlns="http://schemas.microsoft.com/developer/msbuild/2003">
  <ItemGroup>
    <Filter Include="Source Files">
      <UniqueIdentifier>{1D2614BA-B43F-4AB7-AFB8-7C4F370079FF}</UniqueIdentifier>
    </Filter>
    <Filter Include="Header Files">
      <UniqueIdentifier>{BC3F1577-FEE7-4275-99B3-E71B64D00F89}</UniqueIdentifier>
    </Filter>
  </ItemGroup>
  <ItemGroup>
    <ClCompile Include="gamedata.cpp">
      <Filter>Source Files</Filter>
    </ClCompile>
    <ClCompile Include="gdclass.cpp">
      <Filter>Source Files</Filter>
    </ClCompile>
    <ClCompile Include="gdvar.cpp">
      <Filter>Source Files</Filter>
    </ClCompile>
    <ClCompile Include="inputoutput.cpp">
      <Filter>Source Files</Filter>
    </ClCompile>
    <ClCompile Include="wckeyvalues.cpp">
      <Filter>Source Files</Filter>
    </ClCompile>
  </ItemGroup>
  <ItemGroup>
    <ClCompile Include="gamedata.cpp">
      <Filter>Source Files</Filter>
    </ClCompile>
    <ClCompile Include="gdclass.cpp">
      <Filter>Source Files</Filter>
    </ClCompile>
    <ClCompile Include="gdvar.cpp">
      <Filter>Source Files</Filter>
    </ClCompile>
    <ClCompile Include="inputoutput.cpp">
      <Filter>Source Files</Filter>
    </ClCompile>
    <ClCompile Include="wckeyvalues.cpp">
      <Filter>Source Files</Filter>
    </ClCompile>
  </ItemGroup>
  <ItemGroup>
    <ClCompile Include="gamedata.cpp">
      <Filter>Source Files</Filter>
    </ClCompile>
    <ClCompile Include="gdclass.cpp">
      <Filter>Source Files</Filter>
    </ClCompile>
    <ClCompile Include="gdvar.cpp">
      <Filter>Source Files</Filter>
    </ClCompile>
    <ClCompile Include="inputoutput.cpp">
      <Filter>Source Files</Filter>
    </ClCompile>
    <ClCompile Include="wckeyvalues.cpp">
      <Filter>Source Files</Filter>
    </ClCompile>
  </ItemGroup>
  <ItemGroup>
    <ClCompile Include="gamedata.cpp">
      <Filter>Source Files</Filter>
    </ClCompile>
    <ClCompile Include="gdclass.cpp">
      <Filter>Source Files</Filter>
    </ClCompile>
    <ClCompile Include="gdvar.cpp">
      <Filter>Source Files</Filter>
    </ClCompile>
    <ClCompile Include="inputoutput.cpp">
      <Filter>Source Files</Filter>
    </ClCompile>
    <ClCompile Include="wckeyvalues.cpp">
      <Filter>Source Files</Filter>
    </ClCompile>
  </ItemGroup>
  <ItemGroup>
    <ClInclude Include="../public/fgdlib/fgdlib.h">
      <Filter>Header Files</Filter>
    </ClInclude>
    <ClInclude Include="../public/fgdlib/gamedata.h">
      <Filter>Header Files</Filter>
    </ClInclude>
    <ClInclude Include="../utils/hammer/gamepalette.h">
      <Filter>Header Files</Filter>
    </ClInclude>
    <ClInclude Include="../public/fgdlib/gdclass.h">
      <Filter>Header Files</Filter>
    </ClInclude>
    <ClInclude Include="../public/fgdlib/gdvar.h">
      <Filter>Header Files</Filter>
    </ClInclude>
    <ClInclude Include="../public/fgdlib/helperinfo.h">
      <Filter>Header Files</Filter>
    </ClInclude>
    <ClInclude Include="../public/fgdlib/ieditortexture.h">
      <Filter>Header Files</Filter>
    </ClInclude>
    <ClInclude Include="../public/fgdlib/inputoutput.h">
      <Filter>Header Files</Filter>
    </ClInclude>
    <ClInclude Include="../public/fgdlib/wckeyvalues.h">
      <Filter>Header Files</Filter>
    </ClInclude>
  </ItemGroup>
  <ItemGroup/>
  <ItemGroup/>
</Project>
