<Project ToolsVersion="4.0" xmlns="http://schemas.microsoft.com/developer/msbuild/2003">
  <ItemGroup>
    <Filter Include="Interface">
      <UniqueIdentifier>{D5B0F44E-EC96-4B95-AB5E-26AB26C63364}</UniqueIdentifier>
    </Filter>
    <Filter Include="Header Files">
      <UniqueIdentifier>{D01F20CC-7578-48D9-8545-96DF092593D4}</UniqueIdentifier>
    </Filter>
    <Filter Include="Source Files">
      <UniqueIdentifier>{EB51F9DA-D105-4DFD-AA08-F2FEAFEB7514}</UniqueIdentifier>
    </Filter>
  </ItemGroup>
  <ItemGroup>
    <ClCompile Include="../public/tier0/memoverride.cpp">
      <Filter>Source Files</Filter>
    </ClCompile>
    <ClCompile Include="../public/sentence.cpp">
      <Filter>Source Files</Filter>
    </ClCompile>
    <ClCompile Include="snd_audio_source.cpp">
      <Filter>Source Files</Filter>
    </ClCompile>
    <ClCompile Include="snd_dev_wave.cpp">
      <Filter>Source Files</Filter>
    </ClCompile>
    <ClCompile Include="snd_io.cpp">
      <Filter>Source Files</Filter>
    </ClCompile>
    <ClCompile Include="snd_wave_mixer.cpp">
      <Filter>Source Files</Filter>
    </ClCompile>
    <ClCompile Include="snd_wave_mixer_adpcm.cpp">
      <Filter>Source Files</Filter>
    </ClCompile>
    <ClCompile Include="snd_wave_source.cpp">
      <Filter>Source Files</Filter>
    </ClCompile>
    <ClCompile Include="soundsystem.cpp">
      <Filter>Source Files</Filter>
    </ClCompile>
  </ItemGroup>
  <ItemGroup>
    <ClCompile Include="../public/tier0/memoverride.cpp">
      <Filter>Source Files</Filter>
    </ClCompile>
    <ClCompile Include="../public/sentence.cpp">
      <Filter>Source Files</Filter>
    </ClCompile>
    <ClCompile Include="snd_audio_source.cpp">
      <Filter>Source Files</Filter>
    </ClCompile>
    <ClCompile Include="snd_dev_wave.cpp">
      <Filter>Source Files</Filter>
    </ClCompile>
    <ClCompile Include="snd_io.cpp">
      <Filter>Source Files</Filter>
    </ClCompile>
    <ClCompile Include="snd_wave_mixer.cpp">
      <Filter>Source Files</Filter>
    </ClCompile>
    <ClCompile Include="snd_wave_mixer_adpcm.cpp">
      <Filter>Source Files</Filter>
    </ClCompile>
    <ClCompile Include="snd_wave_source.cpp">
      <Filter>Source Files</Filter>
    </ClCompile>
    <ClCompile Include="soundsystem.cpp">
      <Filter>Source Files</Filter>
    </ClCompile>
  </ItemGroup>
  <ItemGroup>
    <ClCompile Include="../public/tier0/memoverride.cpp">
      <Filter>Source Files</Filter>
    </ClCompile>
    <ClCompile Include="../public/sentence.cpp">
      <Filter>Source Files</Filter>
    </ClCompile>
    <ClCompile Include="snd_audio_source.cpp">
      <Filter>Source Files</Filter>
    </ClCompile>
    <ClCompile Include="snd_dev_wave.cpp">
      <Filter>Source Files</Filter>
    </ClCompile>
    <ClCompile Include="snd_io.cpp">
      <Filter>Source Files</Filter>
    </ClCompile>
    <ClCompile Include="snd_wave_mixer.cpp">
      <Filter>Source Files</Filter>
    </ClCompile>
    <ClCompile Include="snd_wave_mixer_adpcm.cpp">
      <Filter>Source Files</Filter>
    </ClCompile>
    <ClCompile Include="snd_wave_source.cpp">
      <Filter>Source Files</Filter>
    </ClCompile>
    <ClCompile Include="soundsystem.cpp">
      <Filter>Source Files</Filter>
    </ClCompile>
  </ItemGroup>
  <ItemGroup>
    <ClCompile Include="../public/tier0/memoverride.cpp">
      <Filter>Source Files</Filter>
    </ClCompile>
    <ClCompile Include="../public/sentence.cpp">
      <Filter>Source Files</Filter>
    </ClCompile>
    <ClCompile Include="snd_audio_source.cpp">
      <Filter>Source Files</Filter>
    </ClCompile>
    <ClCompile Include="snd_dev_wave.cpp">
      <Filter>Source Files</Filter>
    </ClCompile>
    <ClCompile Include="snd_io.cpp">
      <Filter>Source Files</Filter>
    </ClCompile>
    <ClCompile Include="snd_wave_mixer.cpp">
      <Filter>Source Files</Filter>
    </ClCompile>
    <ClCompile Include="snd_wave_mixer_adpcm.cpp">
      <Filter>Source Files</Filter>
    </ClCompile>
    <ClCompile Include="snd_wave_source.cpp">
      <Filter>Source Files</Filter>
    </ClCompile>
    <ClCompile Include="soundsystem.cpp">
      <Filter>Source Files</Filter>
    </ClCompile>
  </ItemGroup>
  <ItemGroup>
    <ClInclude Include="snd_dev_wave.h">
      <Filter>Header Files</Filter>
    </ClInclude>
    <ClInclude Include="snd_wave_mixer.h">
      <Filter>Header Files</Filter>
    </ClInclude>
    <ClInclude Include="snd_wave_mixer_adpcm.h">
      <Filter>Header Files</Filter>
    </ClInclude>
    <ClInclude Include="snd_wave_mixer_private.h">
      <Filter>Header Files</Filter>
    </ClInclude>
    <ClInclude Include="snd_wave_source.h">
      <Filter>Header Files</Filter>
    </ClInclude>
    <ClInclude Include="soundsystem.h">
      <Filter>Header Files</Filter>
    </ClInclude>
    <ClInclude Include="../public/soundsystem/isoundsystem.h">
      <Filter>Interface</Filter>
    </ClInclude>
    <ClInclude Include="../public/soundsystem/snd_audio_source.h">
      <Filter>Interface</Filter>
    </ClInclude>
    <ClInclude Include="../public/soundsystem/snd_device.h">
      <Filter>Interface</Filter>
    </ClInclude>
  </ItemGroup>
  <ItemGroup/>
  <ItemGroup/>
</Project>
