<Project ToolsVersion="4.0" xmlns="http://schemas.microsoft.com/developer/msbuild/2003">
  <ItemGroup>
    <Filter Include="Header Files">
      <UniqueIdentifier>{BA2320C2-4E22-43B0-95D0-3FAA744C0017}</UniqueIdentifier>
    </Filter>
    <Filter Include="Public Header Files">
      <UniqueIdentifier>{5E24C69A-6EB9-43CE-B3E7-B9A475E56C89}</UniqueIdentifier>
    </Filter>
    <Filter Include="Source Files">
      <UniqueIdentifier>{704D0EB0-129A-4488-895D-B4A8F67FAF55}</UniqueIdentifier>
    </Filter>
  </ItemGroup>
  <ItemGroup>
    <ClCompile Include="../public/tier0/memoverride.cpp">
      <Filter>Source Files</Filter>
    </ClCompile>
    <ClCompile Include="StudioRender.cpp">
      <Filter>Source Files</Filter>
    </ClCompile>
    <ClCompile Include="StudioRenderContext.cpp">
      <Filter>Source Files</Filter>
    </ClCompile>
    <ClCompile Include="FlexRenderData.cpp">
      <Filter>Source Files</Filter>
    </ClCompile>
    <ClCompile Include="r_studio.cpp">
      <Filter>Source Files</Filter>
    </ClCompile>
    <ClCompile Include="r_studiodecal.cpp">
      <Filter>Source Files</Filter>
    </ClCompile>
    <ClCompile Include="r_studiodraw.cpp">
      <Filter>Source Files</Filter>
    </ClCompile>
    <ClCompile Include="r_studioflex.cpp">
      <Filter>Source Files</Filter>
    </ClCompile>
    <ClCompile Include="r_studiogettriangles.cpp">
      <Filter>Source Files</Filter>
    </ClCompile>
    <ClCompile Include="r_studiolight.cpp">
      <Filter>Source Files</Filter>
    </ClCompile>
  </ItemGroup>
  <ItemGroup>
    <ClCompile Include="../public/tier0/memoverride.cpp">
      <Filter>Source Files</Filter>
    </ClCompile>
    <ClCompile Include="StudioRender.cpp">
      <Filter>Source Files</Filter>
    </ClCompile>
    <ClCompile Include="StudioRenderContext.cpp">
      <Filter>Source Files</Filter>
    </ClCompile>
    <ClCompile Include="FlexRenderData.cpp">
      <Filter>Source Files</Filter>
    </ClCompile>
    <ClCompile Include="r_studio.cpp">
      <Filter>Source Files</Filter>
    </ClCompile>
    <ClCompile Include="r_studiodecal.cpp">
      <Filter>Source Files</Filter>
    </ClCompile>
    <ClCompile Include="r_studiodraw.cpp">
      <Filter>Source Files</Filter>
    </ClCompile>
    <ClCompile Include="r_studioflex.cpp">
      <Filter>Source Files</Filter>
    </ClCompile>
    <ClCompile Include="r_studiogettriangles.cpp">
      <Filter>Source Files</Filter>
    </ClCompile>
    <ClCompile Include="r_studiolight.cpp">
      <Filter>Source Files</Filter>
    </ClCompile>
  </ItemGroup>
  <ItemGroup>
    <ClCompile Include="../public/tier0/memoverride.cpp">
      <Filter>Source Files</Filter>
    </ClCompile>
    <ClCompile Include="StudioRender.cpp">
      <Filter>Source Files</Filter>
    </ClCompile>
    <ClCompile Include="StudioRenderContext.cpp">
      <Filter>Source Files</Filter>
    </ClCompile>
    <ClCompile Include="FlexRenderData.cpp">
      <Filter>Source Files</Filter>
    </ClCompile>
    <ClCompile Include="r_studio.cpp">
      <Filter>Source Files</Filter>
    </ClCompile>
    <ClCompile Include="r_studiodecal.cpp">
      <Filter>Source Files</Filter>
    </ClCompile>
    <ClCompile Include="r_studiodraw.cpp">
      <Filter>Source Files</Filter>
    </ClCompile>
    <ClCompile Include="r_studioflex.cpp">
      <Filter>Source Files</Filter>
    </ClCompile>
    <ClCompile Include="r_studiogettriangles.cpp">
      <Filter>Source Files</Filter>
    </ClCompile>
    <ClCompile Include="r_studiolight.cpp">
      <Filter>Source Files</Filter>
    </ClCompile>
  </ItemGroup>
  <ItemGroup>
    <ClCompile Include="../public/tier0/memoverride.cpp">
      <Filter>Source Files</Filter>
    </ClCompile>
    <ClCompile Include="StudioRender.cpp">
      <Filter>Source Files</Filter>
    </ClCompile>
    <ClCompile Include="StudioRenderContext.cpp">
      <Filter>Source Files</Filter>
    </ClCompile>
    <ClCompile Include="FlexRenderData.cpp">
      <Filter>Source Files</Filter>
    </ClCompile>
    <ClCompile Include="r_studio.cpp">
      <Filter>Source Files</Filter>
    </ClCompile>
    <ClCompile Include="r_studiodecal.cpp">
      <Filter>Source Files</Filter>
    </ClCompile>
    <ClCompile Include="r_studiodraw.cpp">
      <Filter>Source Files</Filter>
    </ClCompile>
    <ClCompile Include="r_studioflex.cpp">
      <Filter>Source Files</Filter>
    </ClCompile>
    <ClCompile Include="r_studiogettriangles.cpp">
      <Filter>Source Files</Filter>
    </ClCompile>
    <ClCompile Include="r_studiolight.cpp">
      <Filter>Source Files</Filter>
    </ClCompile>
  </ItemGroup>
  <ItemGroup>
    <ClInclude Include="r_studiolight.h">
      <Filter>Header Files</Filter>
    </ClInclude>
    <ClInclude Include="StudioRender.h">
      <Filter>Header Files</Filter>
    </ClInclude>
    <ClInclude Include="StudioRenderContext.h">
      <Filter>Header Files</Filter>
    </ClInclude>
    <ClInclude Include="FlexRenderData.h">
      <Filter>Header Files</Filter>
    </ClInclude>
    <ClInclude Include="../Public/mathlib/amd3dx.h">
      <Filter>Public Header Files</Filter>
    </ClInclude>
    <ClInclude Include="../public/basehandle.h">
      <Filter>Public Header Files</Filter>
    </ClInclude>
    <ClInclude Include="../Public/tier0/basetypes.h">
      <Filter>Public Header Files</Filter>
    </ClInclude>
    <ClInclude Include="../Public/bspflags.h">
      <Filter>Public Header Files</Filter>
    </ClInclude>
    <ClInclude Include="../Public/clientstats.h">
      <Filter>Public Header Files</Filter>
    </ClInclude>
    <ClInclude Include="../Public/cmodel.h">
      <Filter>Public Header Files</Filter>
    </ClInclude>
    <ClInclude Include="../Public/commonmacros.h">
      <Filter>Public Header Files</Filter>
    </ClInclude>
    <ClInclude Include="../public/mathlib/compressed_vector.h">
      <Filter>Public Header Files</Filter>
    </ClInclude>
    <ClInclude Include="../Public/const.h">
      <Filter>Public Header Files</Filter>
    </ClInclude>
    <ClInclude Include="../public/tier1/convar.h">
      <Filter>Public Header Files</Filter>
    </ClInclude>
    <ClInclude Include="../public/tier0/dbg.h">
      <Filter>Public Header Files</Filter>
    </ClInclude>
    <ClInclude Include="../public/tier0/fasttimer.h">
      <Filter>Public Header Files</Filter>
    </ClInclude>
    <ClInclude Include="../public/gametrace.h">
      <Filter>Public Header Files</Filter>
    </ClInclude>
    <ClInclude Include="../public/appframework/IAppSystem.h">
      <Filter>Public Header Files</Filter>
    </ClInclude>
    <ClInclude Include="../public/tier0/ICommandLine.h">
      <Filter>Public Header Files</Filter>
    </ClInclude>
    <ClInclude Include="../public/ihandleentity.h">
      <Filter>Public Header Files</Filter>
    </ClInclude>
    <ClInclude Include="../public/materialsystem/imaterial.h">
      <Filter>Public Header Files</Filter>
    </ClInclude>
    <ClInclude Include="../public/materialsystem/imaterialsystem.h">
      <Filter>Public Header Files</Filter>
    </ClInclude>
    <ClInclude Include="../public/materialsystem/imaterialsystemhardwareconfig.h">
      <Filter>Public Header Files</Filter>
    </ClInclude>
    <ClInclude Include="../public/materialsystem/imaterialvar.h">
      <Filter>Public Header Files</Filter>
    </ClInclude>
    <ClInclude Include="../public/materialsystem/imesh.h">
      <Filter>Public Header Files</Filter>
    </ClInclude>
    <ClInclude Include="../public/tier1/interface.h">
      <Filter>Public Header Files</Filter>
    </ClInclude>
    <ClInclude Include="../Public/IStudioRender.h">
      <Filter>Public Header Files</Filter>
    </ClInclude>
    <ClInclude Include="../public/materialsystem/itexture.h">
      <Filter>Public Header Files</Filter>
    </ClInclude>
    <ClInclude Include="../Public/mathlib/MATHLIB.H">
      <Filter>Public Header Files</Filter>
    </ClInclude>
    <ClInclude Include="../Public/measure_section.h">
      <Filter>Public Header Files</Filter>
    </ClInclude>
    <ClInclude Include="../public/tier0/mem.h">
      <Filter>Public Header Files</Filter>
    </ClInclude>
    <ClInclude Include="../public/tier0/memalloc.h">
      <Filter>Public Header Files</Filter>
    </ClInclude>
    <ClInclude Include="../public/tier0/memdbgoff.h">
      <Filter>Public Header Files</Filter>
    </ClInclude>
    <ClInclude Include="../public/tier0/memdbgon.h">
      <Filter>Public Header Files</Filter>
    </ClInclude>
    <ClInclude Include="../Public/model_types.h">
      <Filter>Public Header Files</Filter>
    </ClInclude>
    <ClInclude Include="../public/optimize.h">
      <Filter>Public Header Files</Filter>
    </ClInclude>
    <ClInclude Include="../Public/PixelWriter.h">
      <Filter>Public Header Files</Filter>
    </ClInclude>
    <ClInclude Include="../public/tier0/platform.h">
      <Filter>Public Header Files</Filter>
    </ClInclude>
    <ClInclude Include="../public/protected_things.h">
      <Filter>Public Header Files</Filter>
    </ClInclude>
    <ClInclude Include="../Public/string_t.h">
      <Filter>Public Header Files</Filter>
    </ClInclude>
    <ClInclude Include="../public/tier1/strtools.h">
      <Filter>Public Header Files</Filter>
    </ClInclude>
    <ClInclude Include="../Public/studio.h">
      <Filter>Public Header Files</Filter>
    </ClInclude>
    <ClInclude Include="../public/tier1/utlbuffer.h">
      <Filter>Public Header Files</Filter>
    </ClInclude>
    <ClInclude Include="../public/tier1/utllinkedlist.h">
      <Filter>Public Header Files</Filter>
    </ClInclude>
    <ClInclude Include="../public/tier1/utlmemory.h">
      <Filter>Public Header Files</Filter>
    </ClInclude>
    <ClInclude Include="../public/tier1/utlvector.h">
      <Filter>Public Header Files</Filter>
    </ClInclude>
    <ClInclude Include="../Public/vcollide.h">
      <Filter>Public Header Files</Filter>
    </ClInclude>
    <ClInclude Include="../Public/mathlib/vector.h">
      <Filter>Public Header Files</Filter>
    </ClInclude>
    <ClInclude Include="../Public/mathlib/vector2d.h">
      <Filter>Public Header Files</Filter>
    </ClInclude>
    <ClInclude Include="../Public/mathlib/vector4d.h">
      <Filter>Public Header Files</Filter>
    </ClInclude>
    <ClInclude Include="../Public/mathlib/vmatrix.h">
      <Filter>Public Header Files</Filter>
    </ClInclude>
    <ClInclude Include="../Public/mathlib/vplane.h">
      <Filter>Public Header Files</Filter>
    </ClInclude>
    <ClInclude Include="../public/tier0/vprof.h">
      <Filter>Public Header Files</Filter>
    </ClInclude>
    <ClInclude Include="../public/vstdlib/vstdlib.h">
      <Filter>Public Header Files</Filter>
    </ClInclude>
    <ClInclude Include="../public/vtf/vtf.h">
      <Filter>Public Header Files</Filter>
    </ClInclude>
    <ClInclude Include="../public/tier1/UtlStringMap.h">
      <Filter>Public Header Files</Filter>
    </ClInclude>
  </ItemGroup>
  <ItemGroup/>
  <ItemGroup/>
</Project>
