<Project ToolsVersion="4.0" xmlns="http://schemas.microsoft.com/developer/msbuild/2003">
  <ItemGroup>
    <Filter Include="Header Files">
      <UniqueIdentifier>{96C3C73E-6AB9-477F-95F7-ABD69C1E5ED8}</UniqueIdentifier>
    </Filter>
    <Filter Include="Public Header Files">
      <UniqueIdentifier>{AB4DCF53-2F73-466D-B833-8191D9DC084A}</UniqueIdentifier>
    </Filter>
    <Filter Include="Source Files">
      <UniqueIdentifier>{0228989C-B580-4C8A-B4B4-923E78C3ABD7}</UniqueIdentifier>
    </Filter>
  </ItemGroup>
  <ItemGroup>
    <ClCompile Include="../public/tier0/memoverride.cpp">
      <Filter>Source Files</Filter>
    </ClCompile>
    <ClCompile Include="DebugDrawer.cpp">
      <Filter>Source Files</Filter>
    </ClCompile>
    <ClCompile Include="miscmath.cpp">
      <Filter>Source Files</Filter>
    </ClCompile>
    <ClCompile Include="Physics.cpp">
      <Filter>Source Files</Filter>
    </ClCompile>
    <ClCompile Include="Physics_Collision.cpp">
      <Filter>Source Files</Filter>
    </ClCompile>
    <ClCompile Include="Physics_CollisionSet.cpp">
      <Filter>Source Files</Filter>
    </ClCompile>
    <ClCompile Include="Physics_Constraint.cpp">
      <Filter>Source Files</Filter>
    </ClCompile>
    <ClCompile Include="Physics_DragController.cpp">
      <Filter>Source Files</Filter>
    </ClCompile>
    <ClCompile Include="Physics_Environment.cpp">
      <Filter>Source Files</Filter>
    </ClCompile>
    <ClCompile Include="Physics_FluidController.cpp">
      <Filter>Source Files</Filter>
    </ClCompile>
    <ClCompile Include="Physics_FrictionSnapshot.cpp">
      <Filter>Source Files</Filter>
    </ClCompile>
    <ClCompile Include="Physics_KeyParser.cpp">
      <Filter>Source Files</Filter>
    </ClCompile>
    <ClCompile Include="Physics_MotionController.cpp">
      <Filter>Source Files</Filter>
    </ClCompile>
    <ClCompile Include="Physics_Object.cpp">
      <Filter>Source Files</Filter>
    </ClCompile>
    <ClCompile Include="Physics_ObjectPairHash.cpp">
      <Filter>Source Files</Filter>
    </ClCompile>
    <ClCompile Include="Physics_PlayerController.cpp">
      <Filter>Source Files</Filter>
    </ClCompile>
    <ClCompile Include="Physics_ShadowController.cpp">
      <Filter>Source Files</Filter>
    </ClCompile>
    <ClCompile Include="Physics_SoftBody.cpp">
      <Filter>Source Files</Filter>
    </ClCompile>
    <ClCompile Include="Physics_SurfaceProps.cpp">
      <Filter>Source Files</Filter>
    </ClCompile>
    <ClCompile Include="Physics_VehicleAirboat.cpp">
      <Filter>Source Files</Filter>
    </ClCompile>
    <ClCompile Include="Physics_VehicleController.cpp">
      <Filter>Source Files</Filter>
    </ClCompile>
    <ClCompile Include="Physics_VehicleControllerCustom.cpp">
      <Filter>Source Files</Filter>
    </ClCompile>
    <ClCompile Include="StdAfx.cpp">
      <Filter>Source Files</Filter>
    </ClCompile>
  </ItemGroup>
  <ItemGroup>
    <ClCompile Include="../public/tier0/memoverride.cpp">
      <Filter>Source Files</Filter>
    </ClCompile>
    <ClCompile Include="DebugDrawer.cpp">
      <Filter>Source Files</Filter>
    </ClCompile>
    <ClCompile Include="miscmath.cpp">
      <Filter>Source Files</Filter>
    </ClCompile>
    <ClCompile Include="Physics.cpp">
      <Filter>Source Files</Filter>
    </ClCompile>
    <ClCompile Include="Physics_Collision.cpp">
      <Filter>Source Files</Filter>
    </ClCompile>
    <ClCompile Include="Physics_CollisionSet.cpp">
      <Filter>Source Files</Filter>
    </ClCompile>
    <ClCompile Include="Physics_Constraint.cpp">
      <Filter>Source Files</Filter>
    </ClCompile>
    <ClCompile Include="Physics_DragController.cpp">
      <Filter>Source Files</Filter>
    </ClCompile>
    <ClCompile Include="Physics_Environment.cpp">
      <Filter>Source Files</Filter>
    </ClCompile>
    <ClCompile Include="Physics_FluidController.cpp">
      <Filter>Source Files</Filter>
    </ClCompile>
    <ClCompile Include="Physics_FrictionSnapshot.cpp">
      <Filter>Source Files</Filter>
    </ClCompile>
    <ClCompile Include="Physics_KeyParser.cpp">
      <Filter>Source Files</Filter>
    </ClCompile>
    <ClCompile Include="Physics_MotionController.cpp">
      <Filter>Source Files</Filter>
    </ClCompile>
    <ClCompile Include="Physics_Object.cpp">
      <Filter>Source Files</Filter>
    </ClCompile>
    <ClCompile Include="Physics_ObjectPairHash.cpp">
      <Filter>Source Files</Filter>
    </ClCompile>
    <ClCompile Include="Physics_PlayerController.cpp">
      <Filter>Source Files</Filter>
    </ClCompile>
    <ClCompile Include="Physics_ShadowController.cpp">
      <Filter>Source Files</Filter>
    </ClCompile>
    <ClCompile Include="Physics_SoftBody.cpp">
      <Filter>Source Files</Filter>
    </ClCompile>
    <ClCompile Include="Physics_SurfaceProps.cpp">
      <Filter>Source Files</Filter>
    </ClCompile>
    <ClCompile Include="Physics_VehicleAirboat.cpp">
      <Filter>Source Files</Filter>
    </ClCompile>
    <ClCompile Include="Physics_VehicleController.cpp">
      <Filter>Source Files</Filter>
    </ClCompile>
    <ClCompile Include="Physics_VehicleControllerCustom.cpp">
      <Filter>Source Files</Filter>
    </ClCompile>
    <ClCompile Include="StdAfx.cpp">
      <Filter>Source Files</Filter>
    </ClCompile>
  </ItemGroup>
  <ItemGroup>
    <ClCompile Include="../public/tier0/memoverride.cpp">
      <Filter>Source Files</Filter>
    </ClCompile>
    <ClCompile Include="DebugDrawer.cpp">
      <Filter>Source Files</Filter>
    </ClCompile>
    <ClCompile Include="miscmath.cpp">
      <Filter>Source Files</Filter>
    </ClCompile>
    <ClCompile Include="Physics.cpp">
      <Filter>Source Files</Filter>
    </ClCompile>
    <ClCompile Include="Physics_Collision.cpp">
      <Filter>Source Files</Filter>
    </ClCompile>
    <ClCompile Include="Physics_CollisionSet.cpp">
      <Filter>Source Files</Filter>
    </ClCompile>
    <ClCompile Include="Physics_Constraint.cpp">
      <Filter>Source Files</Filter>
    </ClCompile>
    <ClCompile Include="Physics_DragController.cpp">
      <Filter>Source Files</Filter>
    </ClCompile>
    <ClCompile Include="Physics_Environment.cpp">
      <Filter>Source Files</Filter>
    </ClCompile>
    <ClCompile Include="Physics_FluidController.cpp">
      <Filter>Source Files</Filter>
    </ClCompile>
    <ClCompile Include="Physics_FrictionSnapshot.cpp">
      <Filter>Source Files</Filter>
    </ClCompile>
    <ClCompile Include="Physics_KeyParser.cpp">
      <Filter>Source Files</Filter>
    </ClCompile>
    <ClCompile Include="Physics_MotionController.cpp">
      <Filter>Source Files</Filter>
    </ClCompile>
    <ClCompile Include="Physics_Object.cpp">
      <Filter>Source Files</Filter>
    </ClCompile>
    <ClCompile Include="Physics_ObjectPairHash.cpp">
      <Filter>Source Files</Filter>
    </ClCompile>
    <ClCompile Include="Physics_PlayerController.cpp">
      <Filter>Source Files</Filter>
    </ClCompile>
    <ClCompile Include="Physics_ShadowController.cpp">
      <Filter>Source Files</Filter>
    </ClCompile>
    <ClCompile Include="Physics_SoftBody.cpp">
      <Filter>Source Files</Filter>
    </ClCompile>
    <ClCompile Include="Physics_SurfaceProps.cpp">
      <Filter>Source Files</Filter>
    </ClCompile>
    <ClCompile Include="Physics_VehicleAirboat.cpp">
      <Filter>Source Files</Filter>
    </ClCompile>
    <ClCompile Include="Physics_VehicleController.cpp">
      <Filter>Source Files</Filter>
    </ClCompile>
    <ClCompile Include="Physics_VehicleControllerCustom.cpp">
      <Filter>Source Files</Filter>
    </ClCompile>
    <ClCompile Include="StdAfx.cpp">
      <Filter>Source Files</Filter>
    </ClCompile>
  </ItemGroup>
  <ItemGroup>
    <ClCompile Include="../public/tier0/memoverride.cpp">
      <Filter>Source Files</Filter>
    </ClCompile>
    <ClCompile Include="DebugDrawer.cpp">
      <Filter>Source Files</Filter>
    </ClCompile>
    <ClCompile Include="miscmath.cpp">
      <Filter>Source Files</Filter>
    </ClCompile>
    <ClCompile Include="Physics.cpp">
      <Filter>Source Files</Filter>
    </ClCompile>
    <ClCompile Include="Physics_Collision.cpp">
      <Filter>Source Files</Filter>
    </ClCompile>
    <ClCompile Include="Physics_CollisionSet.cpp">
      <Filter>Source Files</Filter>
    </ClCompile>
    <ClCompile Include="Physics_Constraint.cpp">
      <Filter>Source Files</Filter>
    </ClCompile>
    <ClCompile Include="Physics_DragController.cpp">
      <Filter>Source Files</Filter>
    </ClCompile>
    <ClCompile Include="Physics_Environment.cpp">
      <Filter>Source Files</Filter>
    </ClCompile>
    <ClCompile Include="Physics_FluidController.cpp">
      <Filter>Source Files</Filter>
    </ClCompile>
    <ClCompile Include="Physics_FrictionSnapshot.cpp">
      <Filter>Source Files</Filter>
    </ClCompile>
    <ClCompile Include="Physics_KeyParser.cpp">
      <Filter>Source Files</Filter>
    </ClCompile>
    <ClCompile Include="Physics_MotionController.cpp">
      <Filter>Source Files</Filter>
    </ClCompile>
    <ClCompile Include="Physics_Object.cpp">
      <Filter>Source Files</Filter>
    </ClCompile>
    <ClCompile Include="Physics_ObjectPairHash.cpp">
      <Filter>Source Files</Filter>
    </ClCompile>
    <ClCompile Include="Physics_PlayerController.cpp">
      <Filter>Source Files</Filter>
    </ClCompile>
    <ClCompile Include="Physics_ShadowController.cpp">
      <Filter>Source Files</Filter>
    </ClCompile>
    <ClCompile Include="Physics_SoftBody.cpp">
      <Filter>Source Files</Filter>
    </ClCompile>
    <ClCompile Include="Physics_SurfaceProps.cpp">
      <Filter>Source Files</Filter>
    </ClCompile>
    <ClCompile Include="Physics_VehicleAirboat.cpp">
      <Filter>Source Files</Filter>
    </ClCompile>
    <ClCompile Include="Physics_VehicleController.cpp">
      <Filter>Source Files</Filter>
    </ClCompile>
    <ClCompile Include="Physics_VehicleControllerCustom.cpp">
      <Filter>Source Files</Filter>
    </ClCompile>
    <ClCompile Include="StdAfx.cpp">
      <Filter>Source Files</Filter>
    </ClCompile>
  </ItemGroup>
  <ItemGroup>
    <ClInclude Include="constraintsV32.h">
      <Filter>Header Files</Filter>
    </ClInclude>
    <ClInclude Include="convert.h">
      <Filter>Header Files</Filter>
    </ClInclude>
    <ClInclude Include="DebugDrawer.h">
      <Filter>Header Files</Filter>
    </ClInclude>
    <ClInclude Include="IController.h">
      <Filter>Header Files</Filter>
    </ClInclude>
    <ClInclude Include="miscmath.h">
      <Filter>Header Files</Filter>
    </ClInclude>
    <ClInclude Include="phydata.h">
      <Filter>Header Files</Filter>
    </ClInclude>
    <ClInclude Include="Physics.h">
      <Filter>Header Files</Filter>
    </ClInclude>
    <ClInclude Include="Physics_Collision.h">
      <Filter>Header Files</Filter>
    </ClInclude>
    <ClInclude Include="Physics_CollisionSet.h">
      <Filter>Header Files</Filter>
    </ClInclude>
    <ClInclude Include="Physics_Constraint.h">
      <Filter>Header Files</Filter>
    </ClInclude>
    <ClInclude Include="Physics_DragController.h">
      <Filter>Header Files</Filter>
    </ClInclude>
    <ClInclude Include="Physics_Environment.h">
      <Filter>Header Files</Filter>
    </ClInclude>
    <ClInclude Include="Physics_FluidController.h">
      <Filter>Header Files</Filter>
    </ClInclude>
    <ClInclude Include="Physics_FrictionSnapshot.h">
      <Filter>Header Files</Filter>
    </ClInclude>
    <ClInclude Include="Physics_KeyParser.h">
      <Filter>Header Files</Filter>
    </ClInclude>
    <ClInclude Include="Physics_MotionController.h">
      <Filter>Header Files</Filter>
    </ClInclude>
    <ClInclude Include="Physics_Object.h">
      <Filter>Header Files</Filter>
    </ClInclude>
    <ClInclude Include="Physics_ObjectPairHash.h">
      <Filter>Header Files</Filter>
    </ClInclude>
    <ClInclude Include="Physics_PlayerController.h">
      <Filter>Header Files</Filter>
    </ClInclude>
    <ClInclude Include="Physics_ShadowController.h">
      <Filter>Header Files</Filter>
    </ClInclude>
    <ClInclude Include="Physics_SoftBody.h">
      <Filter>Header Files</Filter>
    </ClInclude>
    <ClInclude Include="Physics_SurfaceProps.h">
      <Filter>Header Files</Filter>
    </ClInclude>
    <ClInclude Include="Physics_VehicleAirboat.h">
      <Filter>Header Files</Filter>
    </ClInclude>
    <ClInclude Include="Physics_VehicleController.h">
      <Filter>Header Files</Filter>
    </ClInclude>
    <ClInclude Include="Physics_VehicleControllerCustom.h">
      <Filter>Header Files</Filter>
    </ClInclude>
    <ClInclude Include="softbodyV32.h">
      <Filter>Header Files</Filter>
    </ClInclude>
    <ClInclude Include="StdAfx.h">
      <Filter>Header Files</Filter>
    </ClInclude>
    <ClInclude Include="vehiclesV32.h">
      <Filter>Header Files</Filter>
    </ClInclude>
    <ClInclude Include="vphysics_interfaceV32.h">
      <Filter>Header Files</Filter>
    </ClInclude>
    <ClInclude Include="../public/vphysics/collision_set.h">
      <Filter>Public Header Files</Filter>
    </ClInclude>
    <ClInclude Include="../public/vphysics/constraints.h">
      <Filter>Public Header Files</Filter>
    </ClInclude>
    <ClInclude Include="../public/vphysics/friction.h">
      <Filter>Public Header Files</Filter>
    </ClInclude>
    <ClInclude Include="../public/vphysics/object_hash.h">
      <Filter>Public Header Files</Filter>
    </ClInclude>
    <ClInclude Include="../public/vphysics/performance.h">
      <Filter>Public Header Files</Filter>
    </ClInclude>
    <ClInclude Include="../public/vphysics/player_controller.h">
      <Filter>Public Header Files</Filter>
    </ClInclude>
    <ClInclude Include="../public/vphysics/stats.h">
      <Filter>Public Header Files</Filter>
    </ClInclude>
    <ClInclude Include="../public/vphysics/vehicles.h">
      <Filter>Public Header Files</Filter>
    </ClInclude>
    <ClInclude Include="../public/vphysics/virtualmesh.h">
      <Filter>Public Header Files</Filter>
    </ClInclude>
  </ItemGroup>
  <ItemGroup/>
  <ItemGroup/>
</Project>
