<Project ToolsVersion="4.0" xmlns="http://schemas.microsoft.com/developer/msbuild/2003">
  <ItemGroup>
    <Filter Include="Source Files">
      <UniqueIdentifier>{A79229E2-1781-4FD9-9E84-5460928A629A}</UniqueIdentifier>
    </Filter>
    <Filter Include="Header Files">
      <UniqueIdentifier>{A6E56D65-A15D-49A7-8912-EAE625E4B651}</UniqueIdentifier>
    </Filter>
  </ItemGroup>
  <ItemGroup>
    <ClCompile Include="../../public/tier0/memoverride.cpp">
      <Filter>Source Files</Filter>
    </ClCompile>
    <ClCompile Include="BaseVSShader.cpp">
      <Filter>Source Files</Filter>
    </ClCompile>
    <ClCompile Include="debugdepth.cpp">
      <Filter>Source Files</Filter>
    </ClCompile>
    <ClCompile Include="DebugDrawEnvmapMask.cpp">
      <Filter>Source Files</Filter>
    </ClCompile>
    <ClCompile Include="debugluxel.cpp">
      <Filter>Source Files</Filter>
    </ClCompile>
    <ClCompile Include="debugnormalmap.cpp">
      <Filter>Source Files</Filter>
    </ClCompile>
    <ClCompile Include="debugtangentspace.cpp">
      <Filter>Source Files</Filter>
    </ClCompile>
    <ClCompile Include="fillrate.cpp">
      <Filter>Source Files</Filter>
    </ClCompile>
  </ItemGroup>
  <ItemGroup>
    <ClCompile Include="../../public/tier0/memoverride.cpp">
      <Filter>Source Files</Filter>
    </ClCompile>
    <ClCompile Include="BaseVSShader.cpp">
      <Filter>Source Files</Filter>
    </ClCompile>
    <ClCompile Include="debugdepth.cpp">
      <Filter>Source Files</Filter>
    </ClCompile>
    <ClCompile Include="DebugDrawEnvmapMask.cpp">
      <Filter>Source Files</Filter>
    </ClCompile>
    <ClCompile Include="debugluxel.cpp">
      <Filter>Source Files</Filter>
    </ClCompile>
    <ClCompile Include="debugnormalmap.cpp">
      <Filter>Source Files</Filter>
    </ClCompile>
    <ClCompile Include="debugtangentspace.cpp">
      <Filter>Source Files</Filter>
    </ClCompile>
    <ClCompile Include="fillrate.cpp">
      <Filter>Source Files</Filter>
    </ClCompile>
  </ItemGroup>
  <ItemGroup>
    <ClCompile Include="../../public/tier0/memoverride.cpp">
      <Filter>Source Files</Filter>
    </ClCompile>
    <ClCompile Include="BaseVSShader.cpp">
      <Filter>Source Files</Filter>
    </ClCompile>
    <ClCompile Include="debugdepth.cpp">
      <Filter>Source Files</Filter>
    </ClCompile>
    <ClCompile Include="DebugDrawEnvmapMask.cpp">
      <Filter>Source Files</Filter>
    </ClCompile>
    <ClCompile Include="debugluxel.cpp">
      <Filter>Source Files</Filter>
    </ClCompile>
    <ClCompile Include="debugnormalmap.cpp">
      <Filter>Source Files</Filter>
    </ClCompile>
    <ClCompile Include="debugtangentspace.cpp">
      <Filter>Source Files</Filter>
    </ClCompile>
    <ClCompile Include="fillrate.cpp">
      <Filter>Source Files</Filter>
    </ClCompile>
  </ItemGroup>
  <ItemGroup>
    <ClCompile Include="../../public/tier0/memoverride.cpp">
      <Filter>Source Files</Filter>
    </ClCompile>
    <ClCompile Include="BaseVSShader.cpp">
      <Filter>Source Files</Filter>
    </ClCompile>
    <ClCompile Include="debugdepth.cpp">
      <Filter>Source Files</Filter>
    </ClCompile>
    <ClCompile Include="DebugDrawEnvmapMask.cpp">
      <Filter>Source Files</Filter>
    </ClCompile>
    <ClCompile Include="debugluxel.cpp">
      <Filter>Source Files</Filter>
    </ClCompile>
    <ClCompile Include="debugnormalmap.cpp">
      <Filter>Source Files</Filter>
    </ClCompile>
    <ClCompile Include="debugtangentspace.cpp">
      <Filter>Source Files</Filter>
    </ClCompile>
    <ClCompile Include="fillrate.cpp">
      <Filter>Source Files</Filter>
    </ClCompile>
  </ItemGroup>
  <ItemGroup>
    <ClInclude Include="BaseVSShader.h">
      <Filter>Header Files</Filter>
    </ClInclude>
  </ItemGroup>
  <ItemGroup/>
  <ItemGroup/>
</Project>
