<Project ToolsVersion="4.0" xmlns="http://schemas.microsoft.com/developer/msbuild/2003">
  <ItemGroup>
    <Filter Include="Source Files">
      <UniqueIdentifier>{80F1FAE3-2666-48C8-8B6B-95F07894A6D3}</UniqueIdentifier>
    </Filter>
    <Filter Include="Header Files">
      <UniqueIdentifier>{8C19D654-CA38-4F36-A90B-FF76F2F359FE}</UniqueIdentifier>
    </Filter>
  </ItemGroup>
  <ItemGroup>
    <ClCompile Include="../public/tier0/memoverride.cpp">
      <Filter>Source Files</Filter>
    </ClCompile>
    <ClCompile Include="mdllib.cpp">
      <Filter>Source Files</Filter>
    </ClCompile>
    <ClCompile Include="mdllib_stripinfo.cpp">
      <Filter>Source Files</Filter>
    </ClCompile>
    <ClCompile Include="mdllib_stripmodel.cpp">
      <Filter>Source Files</Filter>
    </ClCompile>
    <ClCompile Include="mdllib_utils.cpp">
      <Filter>Source Files</Filter>
    </ClCompile>
  </ItemGroup>
  <ItemGroup>
    <ClCompile Include="../public/tier0/memoverride.cpp">
      <Filter>Source Files</Filter>
    </ClCompile>
    <ClCompile Include="mdllib.cpp">
      <Filter>Source Files</Filter>
    </ClCompile>
    <ClCompile Include="mdllib_stripinfo.cpp">
      <Filter>Source Files</Filter>
    </ClCompile>
    <ClCompile Include="mdllib_stripmodel.cpp">
      <Filter>Source Files</Filter>
    </ClCompile>
    <ClCompile Include="mdllib_utils.cpp">
      <Filter>Source Files</Filter>
    </ClCompile>
  </ItemGroup>
  <ItemGroup>
    <ClCompile Include="../public/tier0/memoverride.cpp">
      <Filter>Source Files</Filter>
    </ClCompile>
    <ClCompile Include="mdllib.cpp">
      <Filter>Source Files</Filter>
    </ClCompile>
    <ClCompile Include="mdllib_stripinfo.cpp">
      <Filter>Source Files</Filter>
    </ClCompile>
    <ClCompile Include="mdllib_stripmodel.cpp">
      <Filter>Source Files</Filter>
    </ClCompile>
    <ClCompile Include="mdllib_utils.cpp">
      <Filter>Source Files</Filter>
    </ClCompile>
  </ItemGroup>
  <ItemGroup>
    <ClCompile Include="../public/tier0/memoverride.cpp">
      <Filter>Source Files</Filter>
    </ClCompile>
    <ClCompile Include="mdllib.cpp">
      <Filter>Source Files</Filter>
    </ClCompile>
    <ClCompile Include="mdllib_stripinfo.cpp">
      <Filter>Source Files</Filter>
    </ClCompile>
    <ClCompile Include="mdllib_stripmodel.cpp">
      <Filter>Source Files</Filter>
    </ClCompile>
    <ClCompile Include="mdllib_utils.cpp">
      <Filter>Source Files</Filter>
    </ClCompile>
  </ItemGroup>
  <ItemGroup>
    <ClInclude Include="../public/mdllib/mdllib.h">
      <Filter>Header Files</Filter>
    </ClInclude>
    <ClInclude Include="mdllib_common.h">
      <Filter>Header Files</Filter>
    </ClInclude>
    <ClInclude Include="mdllib_stripinfo.h">
      <Filter>Header Files</Filter>
    </ClInclude>
    <ClInclude Include="mdllib_utils.h">
      <Filter>Header Files</Filter>
    </ClInclude>
  </ItemGroup>
  <ItemGroup/>
  <ItemGroup/>
</Project>
